// !$*UTF8*$!
{
	archiveVersion = 1;
	classes = {
	};
	objectVersion = 46;
	objects = {

/* Begin PBXBuildFile section */
		7F2EF19B18F04C2E00ED4852 /* QuartzCore.framework in Frameworks */ = {isa = PBXBuildFile; fileRef = 7F2EF19A18F04C2E00ED4852 /* QuartzCore.framework */; };
		7F2EF1A018F0A95A00ED4852 /* SquareGrid.m in Sources */ = {isa = PBXBuildFile; fileRef = 7F2EF19F18F0A95A00ED4852 /* SquareGrid.m */; };
		7F2EF1A218F0AC8C00ED4852 /* grid.plist in Resources */ = {isa = PBXBuildFile; fileRef = 7F2EF1A118F0AC8B00ED4852 /* grid.plist */; };
		7F4108EC18EEDC42007F8750 /* Foundation.framework in Frameworks */ = {isa = PBXBuildFile; fileRef = 7F4108EB18EEDC42007F8750 /* Foundation.framework */; };
		7F4108EE18EEDC42007F8750 /* CoreGraphics.framework in Frameworks */ = {isa = PBXBuildFile; fileRef = 7F4108ED18EEDC42007F8750 /* CoreGraphics.framework */; };
		7F4108F018EEDC42007F8750 /* UIKit.framework in Frameworks */ = {isa = PBXBuildFile; fileRef = 7F4108EF18EEDC42007F8750 /* UIKit.framework */; };
		7F4108F618EEDC42007F8750 /* InfoPlist.strings in Resources */ = {isa = PBXBuildFile; fileRef = 7F4108F418EEDC42007F8750 /* InfoPlist.strings */; };
		7F4108F818EEDC42007F8750 /* main.m in Sources */ = {isa = PBXBuildFile; fileRef = 7F4108F718EEDC42007F8750 /* main.m */; };
		7F4108FC18EEDC42007F8750 /* SquareAppDelegate.m in Sources */ = {isa = PBXBuildFile; fileRef = 7F4108FB18EEDC42007F8750 /* SquareAppDelegate.m */; };
		7F41090418EEDC42007F8750 /* Images.xcassets in Resources */ = {isa = PBXBuildFile; fileRef = 7F41090318EEDC42007F8750 /* Images.xcassets */; };
		7F41090B18EEDC42007F8750 /* XCTest.framework in Frameworks */ = {isa = PBXBuildFile; fileRef = 7F41090A18EEDC42007F8750 /* XCTest.framework */; };
		7F41090C18EEDC42007F8750 /* Foundation.framework in Frameworks */ = {isa = PBXBuildFile; fileRef = 7F4108EB18EEDC42007F8750 /* Foundation.framework */; };
		7F41090D18EEDC42007F8750 /* UIKit.framework in Frameworks */ = {isa = PBXBuildFile; fileRef = 7F4108EF18EEDC42007F8750 /* UIKit.framework */; };
		7F41091518EEDC42007F8750 /* InfoPlist.strings in Resources */ = {isa = PBXBuildFile; fileRef = 7F41091318EEDC42007F8750 /* InfoPlist.strings */; };
		7F41091718EEDC42007F8750 /* SquaresTests.m in Sources */ = {isa = PBXBuildFile; fileRef = 7F41091618EEDC42007F8750 /* SquaresTests.m */; };
		7F41092818EEF1EC007F8750 /* SquareMenuViewController.m in Sources */ = {isa = PBXBuildFile; fileRef = 7F41092618EEF1EC007F8750 /* SquareMenuViewController.m */; };
		7F41092918EEF1EC007F8750 /* SquareMenuViewController.xib in Resources */ = {isa = PBXBuildFile; fileRef = 7F41092718EEF1EC007F8750 /* SquareMenuViewController.xib */; };
		7F41092D18EEF381007F8750 /* SquareGameViewController.m in Sources */ = {isa = PBXBuildFile; fileRef = 7F41092B18EEF381007F8750 /* SquareGameViewController.m */; };
		7F41092E18EEF381007F8750 /* SquareGameViewController.xib in Resources */ = {isa = PBXBuildFile; fileRef = 7F41092C18EEF381007F8750 /* SquareGameViewController.xib */; };
		7F41093118EEF847007F8750 /* SquareImage.m in Sources */ = {isa = PBXBuildFile; fileRef = 7F41093018EEF847007F8750 /* SquareImage.m */; };
		7F41093318EEFFB7007F8750 /* square-clip-art-15.png in Resources */ = {isa = PBXBuildFile; fileRef = 7F41093218EEFFB7007F8750 /* square-clip-art-15.png */; };
/* End PBXBuildFile section */

/* Begin PBXContainerItemProxy section */
		7F41090E18EEDC42007F8750 /* PBXContainerItemProxy */ = {
			isa = PBXContainerItemProxy;
			containerPortal = 7F4108E018EEDC42007F8750 /* Project object */;
			proxyType = 1;
			remoteGlobalIDString = 7F4108E718EEDC42007F8750;
			remoteInfo = Squares;
		};
/* End PBXContainerItemProxy section */

/* Begin PBXFileReference section */
		7F2EF19A18F04C2E00ED4852 /* QuartzCore.framework */ = {isa = PBXFileReference; lastKnownFileType = wrapper.framework; name = QuartzCore.framework; path = System/Library/Frameworks/QuartzCore.framework; sourceTree = SDKROOT; };
		7F2EF19D18F0905200ED4852 /* defines.h */ = {isa = PBXFileReference; lastKnownFileType = sourcecode.c.h; path = defines.h; sourceTree = "<group>"; };
		7F2EF19E18F0A95A00ED4852 /* SquareGrid.h */ = {isa = PBXFileReference; fileEncoding = 4; lastKnownFileType = sourcecode.c.h; path = SquareGrid.h; sourceTree = "<group>"; };
		7F2EF19F18F0A95A00ED4852 /* SquareGrid.m */ = {isa = PBXFileReference; fileEncoding = 4; lastKnownFileType = sourcecode.c.objc; path = SquareGrid.m; sourceTree = "<group>"; };
		7F2EF1A118F0AC8B00ED4852 /* grid.plist */ = {isa = PBXFileReference; fileEncoding = 4; lastKnownFileType = text.plist.xml; path = grid.plist; sourceTree = "<group>"; };
		7F4108E818EEDC42007F8750 /* Squares.app */ = {isa = PBXFileReference; explicitFileType = wrapper.application; includeInIndex = 0; path = Squares.app; sourceTree = BUILT_PRODUCTS_DIR; };
		7F4108EB18EEDC42007F8750 /* Foundation.framework */ = {isa = PBXFileReference; lastKnownFileType = wrapper.framework; name = Foundation.framework; path = System/Library/Frameworks/Foundation.framework; sourceTree = SDKROOT; };
		7F4108ED18EEDC42007F8750 /* CoreGraphics.framework */ = {isa = PBXFileReference; lastKnownFileType = wrapper.framework; name = CoreGraphics.framework; path = System/Library/Frameworks/CoreGraphics.framework; sourceTree = SDKROOT; };
		7F4108EF18EEDC42007F8750 /* UIKit.framework */ = {isa = PBXFileReference; lastKnownFileType = wrapper.framework; name = UIKit.framework; path = System/Library/Frameworks/UIKit.framework; sourceTree = SDKROOT; };
		7F4108F318EEDC42007F8750 /* Squares-Info.plist */ = {isa = PBXFileReference; lastKnownFileType = text.plist.xml; path = "Squares-Info.plist"; sourceTree = "<group>"; };
		7F4108F518EEDC42007F8750 /* en */ = {isa = PBXFileReference; lastKnownFileType = text.plist.strings; name = en; path = en.lproj/InfoPlist.strings; sourceTree = "<group>"; };
		7F4108F718EEDC42007F8750 /* main.m */ = {isa = PBXFileReference; lastKnownFileType = sourcecode.c.objc; path = main.m; sourceTree = "<group>"; };
		7F4108F918EEDC42007F8750 /* Squares-Prefix.pch */ = {isa = PBXFileReference; lastKnownFileType = sourcecode.c.h; path = "Squares-Prefix.pch"; sourceTree = "<group>"; };
		7F4108FA18EEDC42007F8750 /* SquareAppDelegate.h */ = {isa = PBXFileReference; lastKnownFileType = sourcecode.c.h; path = SquareAppDelegate.h; sourceTree = "<group>"; };
		7F4108FB18EEDC42007F8750 /* SquareAppDelegate.m */ = {isa = PBXFileReference; lastKnownFileType = sourcecode.c.objc; path = SquareAppDelegate.m; sourceTree = "<group>"; };
		7F41090318EEDC42007F8750 /* Images.xcassets */ = {isa = PBXFileReference; lastKnownFileType = folder.assetcatalog; path = Images.xcassets; sourceTree = "<group>"; };
		7F41090918EEDC42007F8750 /* SquaresTests.xctest */ = {isa = PBXFileReference; explicitFileType = wrapper.cfbundle; includeInIndex = 0; path = SquaresTests.xctest; sourceTree = BUILT_PRODUCTS_DIR; };
		7F41090A18EEDC42007F8750 /* XCTest.framework */ = {isa = PBXFileReference; lastKnownFileType = wrapper.framework; name = XCTest.framework; path = Library/Frameworks/XCTest.framework; sourceTree = DEVELOPER_DIR; };
		7F41091218EEDC42007F8750 /* SquaresTests-Info.plist */ = {isa = PBXFileReference; lastKnownFileType = text.plist.xml; path = "SquaresTests-Info.plist"; sourceTree = "<group>"; };
		7F41091418EEDC42007F8750 /* en */ = {isa = PBXFileReference; lastKnownFileType = text.plist.strings; name = en; path = en.lproj/InfoPlist.strings; sourceTree = "<group>"; };
		7F41091618EEDC42007F8750 /* SquaresTests.m */ = {isa = PBXFileReference; lastKnownFileType = sourcecode.c.objc; path = SquaresTests.m; sourceTree = "<group>"; };
		7F41092518EEF1EC007F8750 /* SquareMenuViewController.h */ = {isa = PBXFileReference; fileEncoding = 4; lastKnownFileType = sourcecode.c.h; path = SquareMenuViewController.h; sourceTree = "<group>"; };
		7F41092618EEF1EC007F8750 /* SquareMenuViewController.m */ = {isa = PBXFileReference; fileEncoding = 4; lastKnownFileType = sourcecode.c.objc; path = SquareMenuViewController.m; sourceTree = "<group>"; };
		7F41092718EEF1EC007F8750 /* SquareMenuViewController.xib */ = {isa = PBXFileReference; fileEncoding = 4; lastKnownFileType = file.xib; path = SquareMenuViewController.xib; sourceTree = "<group>"; };
		7F41092A18EEF381007F8750 /* SquareGameViewController.h */ = {isa = PBXFileReference; fileEncoding = 4; lastKnownFileType = sourcecode.c.h; path = SquareGameViewController.h; sourceTree = "<group>"; };
		7F41092B18EEF381007F8750 /* SquareGameViewController.m */ = {isa = PBXFileReference; fileEncoding = 4; lastKnownFileType = sourcecode.c.objc; path = SquareGameViewController.m; sourceTree = "<group>"; };
		7F41092C18EEF381007F8750 /* SquareGameViewController.xib */ = {isa = PBXFileReference; fileEncoding = 4; lastKnownFileType = file.xib; path = SquareGameViewController.xib; sourceTree = "<group>"; };
		7F41092F18EEF847007F8750 /* SquareImage.h */ = {isa = PBXFileReference; fileEncoding = 4; lastKnownFileType = sourcecode.c.h; path = SquareImage.h; sourceTree = "<group>"; };
		7F41093018EEF847007F8750 /* SquareImage.m */ = {isa = PBXFileReference; fileEncoding = 4; lastKnownFileType = sourcecode.c.objc; path = SquareImage.m; sourceTree = "<group>"; };
		7F41093218EEFFB7007F8750 /* square-clip-art-15.png */ = {isa = PBXFileReference; lastKnownFileType = image.png; path = "square-clip-art-15.png"; sourceTree = "<group>"; };
/* End PBXFileReference section */

/* Begin PBXFrameworksBuildPhase section */
		7F4108E518EEDC42007F8750 /* Frameworks */ = {
			isa = PBXFrameworksBuildPhase;
			buildActionMask = 2147483647;
			files = (
				7F2EF19B18F04C2E00ED4852 /* QuartzCore.framework in Frameworks */,
				7F4108EE18EEDC42007F8750 /* CoreGraphics.framework in Frameworks */,
				7F4108F018EEDC42007F8750 /* UIKit.framework in Frameworks */,
				7F4108EC18EEDC42007F8750 /* Foundation.framework in Frameworks */,
			);
			runOnlyForDeploymentPostprocessing = 0;
		};
		7F41090618EEDC42007F8750 /* Frameworks */ = {
			isa = PBXFrameworksBuildPhase;
			buildActionMask = 2147483647;
			files = (
				7F41090B18EEDC42007F8750 /* XCTest.framework in Frameworks */,
				7F41090D18EEDC42007F8750 /* UIKit.framework in Frameworks */,
				7F41090C18EEDC42007F8750 /* Foundation.framework in Frameworks */,
			);
			runOnlyForDeploymentPostprocessing = 0;
		};
/* End PBXFrameworksBuildPhase section */

/* Begin PBXGroup section */
		7F4108DF18EEDC42007F8750 = {
			isa = PBXGroup;
			children = (
				7F41093218EEFFB7007F8750 /* square-clip-art-15.png */,
				7F4108F118EEDC42007F8750 /* Squares */,
				7F41091018EEDC42007F8750 /* SquaresTests */,
				7F4108EA18EEDC42007F8750 /* Frameworks */,
				7F4108E918EEDC42007F8750 /* Products */,
			);
			sourceTree = "<group>";
		};
		7F4108E918EEDC42007F8750 /* Products */ = {
			isa = PBXGroup;
			children = (
				7F4108E818EEDC42007F8750 /* Squares.app */,
				7F41090918EEDC42007F8750 /* SquaresTests.xctest */,
			);
			name = Products;
			sourceTree = "<group>";
		};
		7F4108EA18EEDC42007F8750 /* Frameworks */ = {
			isa = PBXGroup;
			children = (
				7F2EF19A18F04C2E00ED4852 /* QuartzCore.framework */,
				7F4108EB18EEDC42007F8750 /* Foundation.framework */,
				7F4108ED18EEDC42007F8750 /* CoreGraphics.framework */,
				7F4108EF18EEDC42007F8750 /* UIKit.framework */,
				7F41090A18EEDC42007F8750 /* XCTest.framework */,
			);
			name = Frameworks;
			sourceTree = "<group>";
		};
		7F4108F118EEDC42007F8750 /* Squares */ = {
			isa = PBXGroup;
			children = (
				7F4108FA18EEDC42007F8750 /* SquareAppDelegate.h */,
				7F4108FB18EEDC42007F8750 /* SquareAppDelegate.m */,
				7F41090318EEDC42007F8750 /* Images.xcassets */,
				7F4108F218EEDC42007F8750 /* Supporting Files */,
				7F41092518EEF1EC007F8750 /* SquareMenuViewController.h */,
				7F41092618EEF1EC007F8750 /* SquareMenuViewController.m */,
				7F41092718EEF1EC007F8750 /* SquareMenuViewController.xib */,
				7F41092A18EEF381007F8750 /* SquareGameViewController.h */,
				7F41092B18EEF381007F8750 /* SquareGameViewController.m */,
				7F41092C18EEF381007F8750 /* SquareGameViewController.xib */,
				7F41092F18EEF847007F8750 /* SquareImage.h */,
				7F41093018EEF847007F8750 /* SquareImage.m */,
				7F2EF19D18F0905200ED4852 /* defines.h */,
				7F2EF19E18F0A95A00ED4852 /* SquareGrid.h */,
				7F2EF19F18F0A95A00ED4852 /* SquareGrid.m */,
				7F2EF1A118F0AC8B00ED4852 /* grid.plist */,
			);
			path = Squares;
			sourceTree = "<group>";
		};
		7F4108F218EEDC42007F8750 /* Supporting Files */ = {
			isa = PBXGroup;
			children = (
				7F4108F318EEDC42007F8750 /* Squares-Info.plist */,
				7F4108F418EEDC42007F8750 /* InfoPlist.strings */,
				7F4108F718EEDC42007F8750 /* main.m */,
				7F4108F918EEDC42007F8750 /* Squares-Prefix.pch */,
			);
			name = "Supporting Files";
			sourceTree = "<group>";
		};
		7F41091018EEDC42007F8750 /* SquaresTests */ = {
			isa = PBXGroup;
			children = (
				7F41091618EEDC42007F8750 /* SquaresTests.m */,
				7F41091118EEDC42007F8750 /* Supporting Files */,
			);
			path = SquaresTests;
			sourceTree = "<group>";
		};
		7F41091118EEDC42007F8750 /* Supporting Files */ = {
			isa = PBXGroup;
			children = (
				7F41091218EEDC42007F8750 /* SquaresTests-Info.plist */,
				7F41091318EEDC42007F8750 /* InfoPlist.strings */,
			);
			name = "Supporting Files";
			sourceTree = "<group>";
		};
/* End PBXGroup section */

/* Begin PBXNativeTarget section */
		7F4108E718EEDC42007F8750 /* Squares */ = {
			isa = PBXNativeTarget;
			buildConfigurationList = 7F41091A18EEDC42007F8750 /* Build configuration list for PBXNativeTarget "Squares" */;
			buildPhases = (
				7F4108E418EEDC42007F8750 /* Sources */,
				7F4108E518EEDC42007F8750 /* Frameworks */,
				7F4108E618EEDC42007F8750 /* Resources */,
			);
			buildRules = (
			);
			dependencies = (
			);
			name = Squares;
			productName = Squares;
			productReference = 7F4108E818EEDC42007F8750 /* Squares.app */;
			productType = "com.apple.product-type.application";
		};
		7F41090818EEDC42007F8750 /* SquaresTests */ = {
			isa = PBXNativeTarget;
			buildConfigurationList = 7F41091D18EEDC42007F8750 /* Build configuration list for PBXNativeTarget "SquaresTests" */;
			buildPhases = (
				7F41090518EEDC42007F8750 /* Sources */,
				7F41090618EEDC42007F8750 /* Frameworks */,
				7F41090718EEDC42007F8750 /* Resources */,
			);
			buildRules = (
			);
			dependencies = (
				7F41090F18EEDC42007F8750 /* PBXTargetDependency */,
			);
			name = SquaresTests;
			productName = SquaresTests;
			productReference = 7F41090918EEDC42007F8750 /* SquaresTests.xctest */;
			productType = "com.apple.product-type.bundle.unit-test";
		};
/* End PBXNativeTarget section */

/* Begin PBXProject section */
		7F4108E018EEDC42007F8750 /* Project object */ = {
			isa = PBXProject;
			attributes = {
				CLASSPREFIX = Square;
				LastUpgradeCheck = 0510;
				TargetAttributes = {
					7F41090818EEDC42007F8750 = {
						TestTargetID = 7F4108E718EEDC42007F8750;
					};
				};
			};
			buildConfigurationList = 7F4108E318EEDC42007F8750 /* Build configuration list for PBXProject "Squares" */;
			compatibilityVersion = "Xcode 3.2";
			developmentRegion = English;
			hasScannedForEncodings = 0;
			knownRegions = (
				en,
				Base,
			);
			mainGroup = 7F4108DF18EEDC42007F8750;
			productRefGroup = 7F4108E918EEDC42007F8750 /* Products */;
			projectDirPath = "";
			projectRoot = "";
			targets = (
				7F4108E718EEDC42007F8750 /* Squares */,
				7F41090818EEDC42007F8750 /* SquaresTests */,
			);
		};
/* End PBXProject section */

/* Begin PBXResourcesBuildPhase section */
		7F4108E618EEDC42007F8750 /* Resources */ = {
			isa = PBXResourcesBuildPhase;
			buildActionMask = 2147483647;
			files = (
				7F41092918EEF1EC007F8750 /* SquareMenuViewController.xib in Resources */,
				7F41090418EEDC42007F8750 /* Images.xcassets in Resources */,
				7F4108F618EEDC42007F8750 /* InfoPlist.strings in Resources */,
				7F41092E18EEF381007F8750 /* SquareGameViewController.xib in Resources */,
				7F2EF1A218F0AC8C00ED4852 /* grid.plist in Resources */,
				7F41093318EEFFB7007F8750 /* square-clip-art-15.png in Resources */,
			);
			runOnlyForDeploymentPostprocessing = 0;
		};
		7F41090718EEDC42007F8750 /* Resources */ = {
			isa = PBXResourcesBuildPhase;
			buildActionMask = 2147483647;
			files = (
				7F41091518EEDC42007F8750 /* InfoPlist.strings in Resources */,
			);
			runOnlyForDeploymentPostprocessing = 0;
		};
/* End PBXResourcesBuildPhase section */

/* Begin PBXSourcesBuildPhase section */
		7F4108E418EEDC42007F8750 /* Sources */ = {
			isa = PBXSourcesBuildPhase;
			buildActionMask = 2147483647;
			files = (
				7F4108F818EEDC42007F8750 /* main.m in Sources */,
				7F41092818EEF1EC007F8750 /* SquareMenuViewController.m in Sources */,
				7F2EF1A018F0A95A00ED4852 /* SquareGrid.m in Sources */,
				7F4108FC18EEDC42007F8750 /* SquareAppDelegate.m in Sources */,
				7F41092D18EEF381007F8750 /* SquareGameViewController.m in Sources */,
				7F41093118EEF847007F8750 /* SquareImage.m in Sources */,
			);
			runOnlyForDeploymentPostprocessing = 0;
		};
		7F41090518EEDC42007F8750 /* Sources */ = {
			isa = PBXSourcesBuildPhase;
			buildActionMask = 2147483647;
			files = (
				7F41091718EEDC42007F8750 /* SquaresTests.m in Sources */,
			);
			runOnlyForDeploymentPostprocessing = 0;
		};
/* End PBXSourcesBuildPhase section */

/* Begin PBXTargetDependency section */
		7F41090F18EEDC42007F8750 /* PBXTargetDependency */ = {
			isa = PBXTargetDependency;
			target = 7F4108E718EEDC42007F8750 /* Squares */;
			targetProxy = 7F41090E18EEDC42007F8750 /* PBXContainerItemProxy */;
		};
/* End PBXTargetDependency section */

/* Begin PBXVariantGroup section */
		7F4108F418EEDC42007F8750 /* InfoPlist.strings */ = {
			isa = PBXVariantGroup;
			children = (
				7F4108F518EEDC42007F8750 /* en */,
			);
			name = InfoPlist.strings;
			sourceTree = "<group>";
		};
		7F41091318EEDC42007F8750 /* InfoPlist.strings */ = {
			isa = PBXVariantGroup;
			children = (
				7F41091418EEDC42007F8750 /* en */,
			);
			name = InfoPlist.strings;
			sourceTree = "<group>";
		};
/* End PBXVariantGroup section */

/* Begin XCBuildConfiguration section */
		7F41091818EEDC42007F8750 /* Debug */ = {
			isa = XCBuildConfiguration;
			buildSettings = {
				ALWAYS_SEARCH_USER_PATHS = NO;
				CLANG_CXX_LANGUAGE_STANDARD = "gnu++0x";
				CLANG_CXX_LIBRARY = "libc++";
				CLANG_ENABLE_MODULES = YES;
				CLANG_ENABLE_OBJC_ARC = YES;
				CLANG_WARN_BOOL_CONVERSION = YES;
				CLANG_WARN_CONSTANT_CONVERSION = YES;
				CLANG_WARN_DIRECT_OBJC_ISA_USAGE = YES_ERROR;
				CLANG_WARN_EMPTY_BODY = YES;
				CLANG_WARN_ENUM_CONVERSION = YES;
				CLANG_WARN_INT_CONVERSION = YES;
				CLANG_WARN_OBJC_ROOT_CLASS = YES_ERROR;
				CLANG_WARN__DUPLICATE_METHOD_MATCH = YES;
				"CODE_SIGN_IDENTITY[sdk=iphoneos*]" = "iPhone Developer";
				COPY_PHASE_STRIP = NO;
				GCC_C_LANGUAGE_STANDARD = gnu99;
				GCC_DYNAMIC_NO_PIC = NO;
				GCC_OPTIMIZATION_LEVEL = 0;
				GCC_PREPROCESSOR_DEFINITIONS = (
					"DEBUG=1",
					"$(inherited)",
				);
				GCC_SYMBOLS_PRIVATE_EXTERN = NO;
				GCC_WARN_64_TO_32_BIT_CONVERSION = YES;
				GCC_WARN_ABOUT_RETURN_TYPE = YES_ERROR;
				GCC_WARN_UNDECLARED_SELECTOR = YES;
				GCC_WARN_UNINITIALIZED_AUTOS = YES_AGGRESSIVE;
				GCC_WARN_UNUSED_FUNCTION = YES;
				GCC_WARN_UNUSED_VARIABLE = YES;
				IPHONEOS_DEPLOYMENT_TARGET = 7.1;
				ONLY_ACTIVE_ARCH = YES;
				SDKROOT = iphoneos;
			};
			name = Debug;
		};
		7F41091918EEDC42007F8750 /* Release */ = {
			isa = XCBuildConfiguration;
			buildSettings = {
				ALWAYS_SEARCH_USER_PATHS = NO;
				CLANG_CXX_LANGUAGE_STANDARD = "gnu++0x";
				CLANG_CXX_LIBRARY = "libc++";
				CLANG_ENABLE_MODULES = YES;
				CLANG_ENABLE_OBJC_ARC = YES;
				CLANG_WARN_BOOL_CONVERSION = YES;
				CLANG_WARN_CONSTANT_CONVERSION = YES;
				CLANG_WARN_DIRECT_OBJC_ISA_USAGE = YES_ERROR;
				CLANG_WARN_EMPTY_BODY = YES;
				CLANG_WARN_ENUM_CONVERSION = YES;
				CLANG_WARN_INT_CONVERSION = YES;
				CLANG_WARN_OBJC_ROOT_CLASS = YES_ERROR;
				CLANG_WARN__DUPLICATE_METHOD_MATCH = YES;
				"CODE_SIGN_IDENTITY[sdk=iphoneos*]" = "iPhone Developer";
				COPY_PHASE_STRIP = YES;
				ENABLE_NS_ASSERTIONS = NO;
				GCC_C_LANGUAGE_STANDARD = gnu99;
				GCC_WARN_64_TO_32_BIT_CONVERSION = YES;
				GCC_WARN_ABOUT_RETURN_TYPE = YES_ERROR;
				GCC_WARN_UNDECLARED_SELECTOR = YES;
				GCC_WARN_UNINITIALIZED_AUTOS = YES_AGGRESSIVE;
				GCC_WARN_UNUSED_FUNCTION = YES;
				GCC_WARN_UNUSED_VARIABLE = YES;
				IPHONEOS_DEPLOYMENT_TARGET = 7.1;
				SDKROOT = iphoneos;
				VALIDATE_PRODUCT = YES;
			};
			name = Release;
		};
		7F41091B18EEDC42007F8750 /* Debug */ = {
			isa = XCBuildConfiguration;
			buildSettings = {
				ASSETCATALOG_COMPILER_APPICON_NAME = AppIcon;
				ASSETCATALOG_COMPILER_LAUNCHIMAGE_NAME = LaunchImage;
				GCC_PRECOMPILE_PREFIX_HEADER = YES;
				GCC_PREFIX_HEADER = "Squares/Squares-Prefix.pch";
				INFOPLIST_FILE = "Squares/Squares-Info.plist";
				PRODUCT_NAME = "$(TARGET_NAME)";
				WRAPPER_EXTENSION = app;
			};
			name = Debug;
		};
		7F41091C18EEDC42007F8750 /* Release */ = {
			isa = XCBuildConfiguration;
			buildSettings = {
				ASSETCATALOG_COMPILER_APPICON_NAME = AppIcon;
				ASSETCATALOG_COMPILER_LAUNCHIMAGE_NAME = LaunchImage;
				GCC_PRECOMPILE_PREFIX_HEADER = YES;
				GCC_PREFIX_HEADER = "Squares/Squares-Prefix.pch";
				INFOPLIST_FILE = "Squares/Squares-Info.plist";
				PRODUCT_NAME = "$(TARGET_NAME)";
				WRAPPER_EXTENSION = app;
			};
			name = Release;
		};
		7F41091E18EEDC42007F8750 /* Debug */ = {
			isa = XCBuildConfiguration;
			buildSettings = {
				BUNDLE_LOADER = "$(BUILT_PRODUCTS_DIR)/Squares.app/Squares";
				FRAMEWORK_SEARCH_PATHS = (
					"$(SDKROOT)/Developer/Library/Frameworks",
					"$(inherited)",
					"$(DEVELOPER_FRAMEWORKS_DIR)",
				);
				GCC_PRECOMPILE_PREFIX_HEADER = YES;
				GCC_PREFIX_HEADER = "Squares/Squares-Prefix.pch";
				GCC_PREPROCESSOR_DEFINITIONS = (
					"DEBUG=1",
					"$(inherited)",
				);
				INFOPLIST_FILE = "SquaresTests/SquaresTests-Info.plist";
				PRODUCT_NAME = "$(TARGET_NAME)";
				TEST_HOST = "$(BUNDLE_LOADER)";
				WRAPPER_EXTENSION = xctest;
			};
			name = Debug;
		};
		7F41091F18EEDC42007F8750 /* Release */ = {
			isa = XCBuildConfiguration;
			buildSettings = {
				BUNDLE_LOADER = "$(BUILT_PRODUCTS_DIR)/Squares.app/Squares";
				FRAMEWORK_SEARCH_PATHS = (
					"$(SDKROOT)/Developer/Library/Frameworks",
					"$(inherited)",
					"$(DEVELOPER_FRAMEWORKS_DIR)",
				);
				GCC_PRECOMPILE_PREFIX_HEADER = YES;
				GCC_PREFIX_HEADER = "Squares/Squares-Prefix.pch";
				INFOPLIST_FILE = "SquaresTests/SquaresTests-Info.plist";
				PRODUCT_NAME = "$(TARGET_NAME)";
				TEST_HOST = "$(BUNDLE_LOADER)";
				WRAPPER_EXTENSION = xctest;
			};
			name = Release;
		};
/* End XCBuildConfiguration section */

/* Begin XCConfigurationList section */
		7F4108E318EEDC42007F8750 /* Build configuration list for PBXProject "Squares" */ = {
			isa = XCConfigurationList;
			buildConfigurations = (
				7F41091818EEDC42007F8750 /* Debug */,
				7F41091918EEDC42007F8750 /* Release */,
			);
			defaultConfigurationIsVisible = 0;
			defaultConfigurationName = Release;
		};
		7F41091A18EEDC42007F8750 /* Build configuration list for PBXNativeTarget "Squares" */ = {
			isa = XCConfigurationList;
			buildConfigurations = (
				7F41091B18EEDC42007F8750 /* Debug */,
				7F41091C18EEDC42007F8750 /* Release */,
			);
			defaultConfigurationIsVisible = 0;
			defaultConfigurationName = Release;
		};
		7F41091D18EEDC42007F8750 /* Build configuration list for PBXNativeTarget "SquaresTests" */ = {
			isa = XCConfigurationList;
			buildConfigurations = (
				7F41091E18EEDC42007F8750 /* Debug */,
				7F41091F18EEDC42007F8750 /* Release */,
			);
			defaultConfigurationIsVisible = 0;
			defaultConfigurationName = Release;
		};
/* End XCConfigurationList section */
	};
	rootObject = 7F4108E018EEDC42007F8750 /* Project object */;
}
