// !$*UTF8*$!
{
	archiveVersion = 1;
	classes = {
	};
	objectVersion = 46;
	objects = {

/* Begin PBXBuildFile section */
		7F1D66A519090DAD00BA43C9 /* build_docs.sh in Resources */ = {isa = PBXBuildFile; fileRef = 7F1D665019090DAC00BA43C9 /* build_docs.sh */; };
		7F1D66A619090DAD00BA43C9 /* ObjectAL-Overview1.eps in Resources */ = {isa = PBXBuildFile; fileRef = 7F1D665219090DAC00BA43C9 /* ObjectAL-Overview1.eps */; };
		7F1D66A719090DAD00BA43C9 /* ObjectAL-Overview1.png in Resources */ = {isa = PBXBuildFile; fileRef = 7F1D665319090DAC00BA43C9 /* ObjectAL-Overview1.png */; };
		7F1D66A819090DAD00BA43C9 /* ObjectAL-Overview1.svg in Resources */ = {isa = PBXBuildFile; fileRef = 7F1D665419090DAC00BA43C9 /* ObjectAL-Overview1.svg */; };
		7F1D66A919090DAD00BA43C9 /* ObjectAL-Overview2.eps in Resources */ = {isa = PBXBuildFile; fileRef = 7F1D665519090DAC00BA43C9 /* ObjectAL-Overview2.eps */; };
		7F1D66AA19090DAD00BA43C9 /* ObjectAL-Overview2.png in Resources */ = {isa = PBXBuildFile; fileRef = 7F1D665619090DAC00BA43C9 /* ObjectAL-Overview2.png */; };
		7F1D66AB19090DAD00BA43C9 /* ObjectAL-Overview2.svg in Resources */ = {isa = PBXBuildFile; fileRef = 7F1D665719090DAC00BA43C9 /* ObjectAL-Overview2.svg */; };
		7F1D66AC19090DAD00BA43C9 /* LICENSE.ObjectAL.txt in Resources */ = {isa = PBXBuildFile; fileRef = 7F1D665819090DAC00BA43C9 /* LICENSE.ObjectAL.txt */; };
		7F1D66AD19090DAD00BA43C9 /* OALAction.m in Sources */ = {isa = PBXBuildFile; fileRef = 7F1D665D19090DAC00BA43C9 /* OALAction.m */; };
		7F1D66AE19090DAD00BA43C9 /* OALActionManager.m in Sources */ = {isa = PBXBuildFile; fileRef = 7F1D665F19090DAC00BA43C9 /* OALActionManager.m */; };
		7F1D66AF19090DAD00BA43C9 /* OALAudioActions.m in Sources */ = {isa = PBXBuildFile; fileRef = 7F1D666119090DAC00BA43C9 /* OALAudioActions.m */; };
		7F1D66B019090DAD00BA43C9 /* OALUtilityActions.m in Sources */ = {isa = PBXBuildFile; fileRef = 7F1D666319090DAC00BA43C9 /* OALUtilityActions.m */; };
		7F1D66B119090DAD00BA43C9 /* OALAudioTrack.m in Sources */ = {isa = PBXBuildFile; fileRef = 7F1D666619090DAC00BA43C9 /* OALAudioTrack.m */; };
		7F1D66B219090DAD00BA43C9 /* OALAudioTrackNotifications.m in Sources */ = {isa = PBXBuildFile; fileRef = 7F1D666819090DAC00BA43C9 /* OALAudioTrackNotifications.m */; };
		7F1D66B319090DAD00BA43C9 /* OALAudioTracks.m in Sources */ = {isa = PBXBuildFile; fileRef = 7F1D666A19090DAC00BA43C9 /* OALAudioTracks.m */; };
		7F1D66B419090DAD00BA43C9 /* OALSimpleAudio.m in Sources */ = {isa = PBXBuildFile; fileRef = 7F1D666C19090DAC00BA43C9 /* OALSimpleAudio.m */; };
		7F1D66B519090DAD00BA43C9 /* ALBuffer.m in Sources */ = {isa = PBXBuildFile; fileRef = 7F1D667219090DAC00BA43C9 /* ALBuffer.m */; };
		7F1D66B619090DAD00BA43C9 /* ALCaptureDevice.m in Sources */ = {isa = PBXBuildFile; fileRef = 7F1D667419090DAC00BA43C9 /* ALCaptureDevice.m */; };
		7F1D66B719090DAD00BA43C9 /* ALChannelSource.m in Sources */ = {isa = PBXBuildFile; fileRef = 7F1D667619090DAC00BA43C9 /* ALChannelSource.m */; };
		7F1D66B819090DAD00BA43C9 /* ALContext.m in Sources */ = {isa = PBXBuildFile; fileRef = 7F1D667819090DAC00BA43C9 /* ALContext.m */; };
		7F1D66B919090DAD00BA43C9 /* ALDevice.m in Sources */ = {isa = PBXBuildFile; fileRef = 7F1D667A19090DAC00BA43C9 /* ALDevice.m */; };
		7F1D66BA19090DAD00BA43C9 /* ALListener.m in Sources */ = {isa = PBXBuildFile; fileRef = 7F1D667C19090DAC00BA43C9 /* ALListener.m */; };
		7F1D66BB19090DAD00BA43C9 /* ALSoundSourcePool.m in Sources */ = {isa = PBXBuildFile; fileRef = 7F1D667F19090DAC00BA43C9 /* ALSoundSourcePool.m */; };
		7F1D66BC19090DAD00BA43C9 /* ALSource.m in Sources */ = {isa = PBXBuildFile; fileRef = 7F1D668119090DAC00BA43C9 /* ALSource.m */; };
		7F1D66BD19090DAD00BA43C9 /* ALWrapper.m in Sources */ = {isa = PBXBuildFile; fileRef = 7F1D668419090DAC00BA43C9 /* ALWrapper.m */; };
		7F1D66BE19090DAD00BA43C9 /* OpenALManager.m in Sources */ = {isa = PBXBuildFile; fileRef = 7F1D668619090DAC00BA43C9 /* OpenALManager.m */; };
		7F1D66BF19090DAD00BA43C9 /* OALAudioSession.m in Sources */ = {isa = PBXBuildFile; fileRef = 7F1D668919090DAC00BA43C9 /* OALAudioSession.m */; };
		7F1D66C019090DAD00BA43C9 /* OALSuspendHandler.m in Sources */ = {isa = PBXBuildFile; fileRef = 7F1D668B19090DAC00BA43C9 /* OALSuspendHandler.m */; };
		7F1D66C119090DAD00BA43C9 /* IOSVersion.m in Sources */ = {isa = PBXBuildFile; fileRef = 7F1D668F19090DAC00BA43C9 /* IOSVersion.m */; };
		7F1D66C219090DAD00BA43C9 /* mach_timing.c in Sources */ = {isa = PBXBuildFile; fileRef = 7F1D669019090DAC00BA43C9 /* mach_timing.c */; };
		7F1D66C319090DAD00BA43C9 /* NSMutableArray+WeakReferences.m in Sources */ = {isa = PBXBuildFile; fileRef = 7F1D669319090DAC00BA43C9 /* NSMutableArray+WeakReferences.m */; };
		7F1D66C419090DAD00BA43C9 /* NSMutableDictionary+WeakReferences.m in Sources */ = {isa = PBXBuildFile; fileRef = 7F1D669519090DAC00BA43C9 /* NSMutableDictionary+WeakReferences.m */; };
		7F1D66C519090DAD00BA43C9 /* OALAudioFile.m in Sources */ = {isa = PBXBuildFile; fileRef = 7F1D669719090DAC00BA43C9 /* OALAudioFile.m */; };
		7F1D66C619090DAD00BA43C9 /* OALTools.m in Sources */ = {isa = PBXBuildFile; fileRef = 7F1D669A19090DAC00BA43C9 /* OALTools.m */; };
		7F1D66C719090DAD00BA43C9 /* InfoPlist.strings in Resources */ = {isa = PBXBuildFile; fileRef = 7F1D669E19090DAC00BA43C9 /* InfoPlist.strings */; };
		7F1D66C819090DAD00BA43C9 /* ObjectAL (OSX)-Info.plist in Resources */ = {isa = PBXBuildFile; fileRef = 7F1D66A019090DAC00BA43C9 /* ObjectAL (OSX)-Info.plist */; };
		7F1D66D319090DD000BA43C9 /* AudioToolbox.framework in Frameworks */ = {isa = PBXBuildFile; fileRef = 7F1D66D119090DD000BA43C9 /* AudioToolbox.framework */; };
		7F1D66D419090DD000BA43C9 /* AVFoundation.framework in Frameworks */ = {isa = PBXBuildFile; fileRef = 7F1D66D219090DD000BA43C9 /* AVFoundation.framework */; };
		7F1D66D71909123800BA43C9 /* SquareSoundManager.m in Sources */ = {isa = PBXBuildFile; fileRef = 7F1D66D61909123800BA43C9 /* SquareSoundManager.m */; };
		7F1D66DA19091E5000BA43C9 /* ClickButton.m4a in Resources */ = {isa = PBXBuildFile; fileRef = 7F1D66D919091E5000BA43C9 /* ClickButton.m4a */; };
		7F1D66DD19091F8900BA43C9 /* libObjectAL.a in Frameworks */ = {isa = PBXBuildFile; fileRef = 7F1D66CD19090DAD00BA43C9 /* libObjectAL.a */; };
		7F1D66E119092AF500BA43C9 /* SquareExplosion.m in Sources */ = {isa = PBXBuildFile; fileRef = 7F1D66E019092AF500BA43C9 /* SquareExplosion.m */; };
		7F1D66E31909423F00BA43C9 /* particle_base-48x48.jpg in Resources */ = {isa = PBXBuildFile; fileRef = 7F1D66E21909423F00BA43C9 /* particle_base-48x48.jpg */; };
		7F1D66E5190952CB00BA43C9 /* ParticleSmoke.png in Resources */ = {isa = PBXBuildFile; fileRef = 7F1D66E4190952CB00BA43C9 /* ParticleSmoke.png */; };
		7F1D66E819095FDB00BA43C9 /* SquareMultiplier.m in Sources */ = {isa = PBXBuildFile; fileRef = 7F1D66E719095FDB00BA43C9 /* SquareMultiplier.m */; };
		7F2B13C719096DFD00745282 /* SquareDemo.m in Sources */ = {isa = PBXBuildFile; fileRef = 7F2B13C619096DFD00745282 /* SquareDemo.m */; };
		7F2EF19B18F04C2E00ED4852 /* QuartzCore.framework in Frameworks */ = {isa = PBXBuildFile; fileRef = 7F2EF19A18F04C2E00ED4852 /* QuartzCore.framework */; };
		7F2EF1A018F0A95A00ED4852 /* SquareGrid.m in Sources */ = {isa = PBXBuildFile; fileRef = 7F2EF19F18F0A95A00ED4852 /* SquareGrid.m */; };
		7F2EF1A618F15A5D00ED4852 /* SquareGameOverViewController.m in Sources */ = {isa = PBXBuildFile; fileRef = 7F2EF1A418F15A5D00ED4852 /* SquareGameOverViewController.m */; };
		7F2EF1A718F15A5D00ED4852 /* SquareGameOverViewController.xib in Resources */ = {isa = PBXBuildFile; fileRef = 7F2EF1A518F15A5D00ED4852 /* SquareGameOverViewController.xib */; };
		7F2EF1AE18F202B200ED4852 /* UIImage+UIImageAdditions.m in Sources */ = {isa = PBXBuildFile; fileRef = 7F2EF1AD18F202B200ED4852 /* UIImage+UIImageAdditions.m */; };
		7F2EF1B318F226C200ED4852 /* SquareGameViewController.xib in Resources */ = {isa = PBXBuildFile; fileRef = 7F2EF1B218F226C200ED4852 /* SquareGameViewController.xib */; };
		7F2EF1B818F2DA5000ED4852 /* SquareIndestructible.m in Sources */ = {isa = PBXBuildFile; fileRef = 7F2EF1B718F2DA5000ED4852 /* SquareIndestructible.m */; };
		7F2EF1BB18F2E55600ED4852 /* SquareGameOver.m in Sources */ = {isa = PBXBuildFile; fileRef = 7F2EF1BA18F2E55600ED4852 /* SquareGameOver.m */; };
		7F2EF1BE18F2EF7200ED4852 /* SquareResilient.m in Sources */ = {isa = PBXBuildFile; fileRef = 7F2EF1BD18F2EF7200ED4852 /* SquareResilient.m */; };
		7F2EF1C118F2F99600ED4852 /* SquareExponential.m in Sources */ = {isa = PBXBuildFile; fileRef = 7F2EF1C018F2F99600ED4852 /* SquareExponential.m */; };
		7F2EF1CD18F3693F00ED4852 /* SquareGameView.m in Sources */ = {isa = PBXBuildFile; fileRef = 7F2EF1CC18F3693F00ED4852 /* SquareGameView.m */; };
		7F2EF1CF18F3FC9700ED4852 /* Levels.plist in Resources */ = {isa = PBXBuildFile; fileRef = 7F2EF1CE18F3FC9700ED4852 /* Levels.plist */; };
		7F2EF1D218F4009F00ED4852 /* SquareLevels.m in Sources */ = {isa = PBXBuildFile; fileRef = 7F2EF1D118F4009F00ED4852 /* SquareLevels.m */; };
		7F2EF1D518F42DCD00ED4852 /* NSDictionaryAdditions.m in Sources */ = {isa = PBXBuildFile; fileRef = 7F2EF1D418F42DCC00ED4852 /* NSDictionaryAdditions.m */; };
		7F2EF1D818F42E6900ED4852 /* SquareScoreManager.m in Sources */ = {isa = PBXBuildFile; fileRef = 7F2EF1D718F42E6900ED4852 /* SquareScoreManager.m */; };
		7F3598F71908281C00AA4C30 /* Square.ttf in Resources */ = {isa = PBXBuildFile; fileRef = 7FAFCC4218F4C82700E5EEFD /* Square.ttf */; };
		7F3598F81908281C00AA4C30 /* Squareo.ttf in Resources */ = {isa = PBXBuildFile; fileRef = 7FAFCC4B18F4C82700E5EEFD /* Squareo.ttf */; };
		7F3599021908638300AA4C30 /* SquareCounter.m in Sources */ = {isa = PBXBuildFile; fileRef = 7F3599011908638300AA4C30 /* SquareCounter.m */; };
		7F35990619086E2E00AA4C30 /* Square Exponential.png in Resources */ = {isa = PBXBuildFile; fileRef = 7F35990519086E2E00AA4C30 /* Square Exponential.png */; };
		7F35990719088C5000AA4C30 /* Square Death.png in Resources */ = {isa = PBXBuildFile; fileRef = 7FBDD49919081A3C0098594F /* Square Death.png */; };
		7F35990819088C5000AA4C30 /* Square Indestructible.png in Resources */ = {isa = PBXBuildFile; fileRef = 7FBDD49B19081A3C0098594F /* Square Indestructible.png */; };
		7F35990919088C5000AA4C30 /* Square Resilient1.png in Resources */ = {isa = PBXBuildFile; fileRef = 7FBDD49C19081A3C0098594F /* Square Resilient1.png */; };
		7F35990A19088C5000AA4C30 /* Square Resilient2.png in Resources */ = {isa = PBXBuildFile; fileRef = 7FBDD49D19081A3C0098594F /* Square Resilient2.png */; };
		7F35990B19088C5000AA4C30 /* Square Resilient3.png in Resources */ = {isa = PBXBuildFile; fileRef = 7FBDD49E19081A3C0098594F /* Square Resilient3.png */; };
		7F35990C19088C5000AA4C30 /* Square Base.png in Resources */ = {isa = PBXBuildFile; fileRef = 7FBDD49F19081A3C0098594F /* Square Base.png */; };
		7F4108EC18EEDC42007F8750 /* Foundation.framework in Frameworks */ = {isa = PBXBuildFile; fileRef = 7F4108EB18EEDC42007F8750 /* Foundation.framework */; };
		7F4108EE18EEDC42007F8750 /* CoreGraphics.framework in Frameworks */ = {isa = PBXBuildFile; fileRef = 7F4108ED18EEDC42007F8750 /* CoreGraphics.framework */; };
		7F4108F018EEDC42007F8750 /* UIKit.framework in Frameworks */ = {isa = PBXBuildFile; fileRef = 7F4108EF18EEDC42007F8750 /* UIKit.framework */; };
		7F4108F618EEDC42007F8750 /* InfoPlist.strings in Resources */ = {isa = PBXBuildFile; fileRef = 7F4108F418EEDC42007F8750 /* InfoPlist.strings */; };
		7F4108F818EEDC42007F8750 /* main.m in Sources */ = {isa = PBXBuildFile; fileRef = 7F4108F718EEDC42007F8750 /* main.m */; };
		7F4108FC18EEDC42007F8750 /* SquareAppDelegate.m in Sources */ = {isa = PBXBuildFile; fileRef = 7F4108FB18EEDC42007F8750 /* SquareAppDelegate.m */; };
		7F41090418EEDC42007F8750 /* Images.xcassets in Resources */ = {isa = PBXBuildFile; fileRef = 7F41090318EEDC42007F8750 /* Images.xcassets */; };
		7F41090B18EEDC42007F8750 /* XCTest.framework in Frameworks */ = {isa = PBXBuildFile; fileRef = 7F41090A18EEDC42007F8750 /* XCTest.framework */; };
		7F41090C18EEDC42007F8750 /* Foundation.framework in Frameworks */ = {isa = PBXBuildFile; fileRef = 7F4108EB18EEDC42007F8750 /* Foundation.framework */; };
		7F41090D18EEDC42007F8750 /* UIKit.framework in Frameworks */ = {isa = PBXBuildFile; fileRef = 7F4108EF18EEDC42007F8750 /* UIKit.framework */; };
		7F41091518EEDC42007F8750 /* InfoPlist.strings in Resources */ = {isa = PBXBuildFile; fileRef = 7F41091318EEDC42007F8750 /* InfoPlist.strings */; };
		7F41091718EEDC42007F8750 /* SquaresTests.m in Sources */ = {isa = PBXBuildFile; fileRef = 7F41091618EEDC42007F8750 /* SquaresTests.m */; };
		7F41092818EEF1EC007F8750 /* SquareMenuViewController.m in Sources */ = {isa = PBXBuildFile; fileRef = 7F41092618EEF1EC007F8750 /* SquareMenuViewController.m */; };
		7F41092918EEF1EC007F8750 /* SquareMenuViewController.xib in Resources */ = {isa = PBXBuildFile; fileRef = 7F41092718EEF1EC007F8750 /* SquareMenuViewController.xib */; };
		7F41092D18EEF381007F8750 /* SquareGameViewController.m in Sources */ = {isa = PBXBuildFile; fileRef = 7F41092B18EEF381007F8750 /* SquareGameViewController.m */; };
		7F41093118EEF847007F8750 /* SquareBase.m in Sources */ = {isa = PBXBuildFile; fileRef = 7F41093018EEF847007F8750 /* SquareBase.m */; };
		7FAC4851190D7E3700CC4227 /* SquareCrossedLines.m in Sources */ = {isa = PBXBuildFile; fileRef = 7FAC4850190D7E3700CC4227 /* SquareCrossedLines.m */; };
		7FAED710190B069500ABF9DB /* Ambient BG.m4a in Resources */ = {isa = PBXBuildFile; fileRef = 7FAED70A190B069500ABF9DB /* Ambient BG.m4a */; };
		7FAED711190B069500ABF9DB /* Explosion.m4a in Resources */ = {isa = PBXBuildFile; fileRef = 7FAED70B190B069500ABF9DB /* Explosion.m4a */; };
		7FAED712190B069500ABF9DB /* GameOver.m4a in Resources */ = {isa = PBXBuildFile; fileRef = 7FAED70C190B069500ABF9DB /* GameOver.m4a */; };
		7FAED713190B069500ABF9DB /* Multiplier.m4a in Resources */ = {isa = PBXBuildFile; fileRef = 7FAED70D190B069500ABF9DB /* Multiplier.m4a */; };
		7FAED714190B069500ABF9DB /* Music IG.m4a in Resources */ = {isa = PBXBuildFile; fileRef = 7FAED70E190B069500ABF9DB /* Music IG.m4a */; };
		7FAED715190B069500ABF9DB /* UI Sound.m4a in Resources */ = {isa = PBXBuildFile; fileRef = 7FAED70F190B069500ABF9DB /* UI Sound.m4a */; };
		7FAED71B190C649700ABF9DB /* SquareParticlesEmitter.m in Sources */ = {isa = PBXBuildFile; fileRef = 7FAED71A190C649700ABF9DB /* SquareParticlesEmitter.m */; };
		7FAFCC5218F4C82700E5EEFD /* Background.png in Resources */ = {isa = PBXBuildFile; fileRef = 7FAFCC3C18F4C82700E5EEFD /* Background.png */; };
		7FAFCC5318F4C82700E5EEFD /* Background@2x.png in Resources */ = {isa = PBXBuildFile; fileRef = 7FAFCC3D18F4C82700E5EEFD /* Background@2x.png */; };
		7FB96A5B18F6094500781FA3 /* Social.framework in Frameworks */ = {isa = PBXBuildFile; fileRef = 7FB96A5A18F6094500781FA3 /* Social.framework */; };
		7FB96A5D18F60B2100781FA3 /* Accounts.framework in Frameworks */ = {isa = PBXBuildFile; fileRef = 7FB96A5C18F60B2100781FA3 /* Accounts.framework */; };
		7FB96A6018F60D3200781FA3 /* SquareSocialController.m in Sources */ = {isa = PBXBuildFile; fileRef = 7FB96A5F18F60D3200781FA3 /* SquareSocialController.m */; };
		7FBDD4A319081A3C0098594F /* Button large.png in Resources */ = {isa = PBXBuildFile; fileRef = 7FBDD48D19081A3C0098594F /* Button large.png */; };
		7FBDD4A419081A3C0098594F /* Button large@2x.png in Resources */ = {isa = PBXBuildFile; fileRef = 7FBDD48E19081A3C0098594F /* Button large@2x.png */; };
		7FBDD4A519081A3C0098594F /* Button small.png in Resources */ = {isa = PBXBuildFile; fileRef = 7FBDD48F19081A3C0098594F /* Button small.png */; };
		7FBDD4A619081A3C0098594F /* Button small@2x.png in Resources */ = {isa = PBXBuildFile; fileRef = 7FBDD49019081A3C0098594F /* Button small@2x.png */; };
		7FBDD4A719081A3C0098594F /* LOGO Menu.png in Resources */ = {isa = PBXBuildFile; fileRef = 7FBDD49119081A3C0098594F /* LOGO Menu.png */; };
		7FBDD4A819081A3C0098594F /* LOGO Menu@2x.png in Resources */ = {isa = PBXBuildFile; fileRef = 7FBDD49219081A3C0098594F /* LOGO Menu@2x.png */; };
		7FBDD4AB19081A3C0098594F /* Splash iphone5.png in Resources */ = {isa = PBXBuildFile; fileRef = 7FBDD49519081A3C0098594F /* Splash iphone5.png */; };
		7FBDD4AC19081A3C0098594F /* Splash iphone5@2x.png in Resources */ = {isa = PBXBuildFile; fileRef = 7FBDD49619081A3C0098594F /* Splash iphone5@2x.png */; };
		7FBDD4AD19081A3C0098594F /* Splash.png in Resources */ = {isa = PBXBuildFile; fileRef = 7FBDD49719081A3C0098594F /* Splash.png */; };
		7FBDD4AE19081A3C0098594F /* Splash@2x.png in Resources */ = {isa = PBXBuildFile; fileRef = 7FBDD49819081A3C0098594F /* Splash@2x.png */; };
		7FBDD4B619081A3C0098594F /* squares_logo_1024.png in Resources */ = {isa = PBXBuildFile; fileRef = 7FBDD4A019081A3C0098594F /* squares_logo_1024.png */; };
		7FBDD4B719081A3C0098594F /* squares_logo.png in Resources */ = {isa = PBXBuildFile; fileRef = 7FBDD4A119081A3C0098594F /* squares_logo.png */; };
		7FBDD4B819081A3C0098594F /* squares_logo@2x.png in Resources */ = {isa = PBXBuildFile; fileRef = 7FBDD4A219081A3C0098594F /* squares_logo@2x.png */; };
		7FC20D4B1909C39900B041CD /* SquareIndicatorLevel.m in Sources */ = {isa = PBXBuildFile; fileRef = 7FC20D4A1909C39900B041CD /* SquareIndicatorLevel.m */; };
		7FC20D59190A5F5900B041CD /* SquareOptionsViewController.m in Sources */ = {isa = PBXBuildFile; fileRef = 7FC20D57190A5F5900B041CD /* SquareOptionsViewController.m */; };
		7FC20D5A190A5F5900B041CD /* SquareOptionsViewController.xib in Resources */ = {isa = PBXBuildFile; fileRef = 7FC20D58190A5F5900B041CD /* SquareOptionsViewController.xib */; };
/* End PBXBuildFile section */

/* Begin PBXContainerItemProxy section */
		7F1D66CC19090DAD00BA43C9 /* PBXContainerItemProxy */ = {
			isa = PBXContainerItemProxy;
			containerPortal = 7F1D66A219090DAC00BA43C9 /* ObjectAL.xcodeproj */;
			proxyType = 2;
			remoteGlobalIDString = CBBAB312171D0B84009B955F;
			remoteInfo = "ObjectAL (iOS)";
		};
		7F1D66CE19090DAD00BA43C9 /* PBXContainerItemProxy */ = {
			isa = PBXContainerItemProxy;
			containerPortal = 7F1D66A219090DAC00BA43C9 /* ObjectAL.xcodeproj */;
			proxyType = 2;
			remoteGlobalIDString = CBBAB33D171D0BC4009B955F;
			remoteInfo = "ObjectAL (OSX)";
		};
		7F1D66DB19091F6D00BA43C9 /* PBXContainerItemProxy */ = {
			isa = PBXContainerItemProxy;
			containerPortal = 7F1D66A219090DAC00BA43C9 /* ObjectAL.xcodeproj */;
			proxyType = 1;
			remoteGlobalIDString = CBBAB311171D0B84009B955F;
			remoteInfo = "ObjectAL (iOS)";
		};
		7F41090E18EEDC42007F8750 /* PBXContainerItemProxy */ = {
			isa = PBXContainerItemProxy;
			containerPortal = 7F4108E018EEDC42007F8750 /* Project object */;
			proxyType = 1;
			remoteGlobalIDString = 7F4108E718EEDC42007F8750;
			remoteInfo = Squares;
		};
/* End PBXContainerItemProxy section */

/* Begin PBXFileReference section */
		7F1D665019090DAC00BA43C9 /* build_docs.sh */ = {isa = PBXFileReference; fileEncoding = 4; lastKnownFileType = text.script.sh; path = build_docs.sh; sourceTree = "<group>"; };
		7F1D665219090DAC00BA43C9 /* ObjectAL-Overview1.eps */ = {isa = PBXFileReference; fileEncoding = 4; lastKnownFileType = text; path = "ObjectAL-Overview1.eps"; sourceTree = "<group>"; };
		7F1D665319090DAC00BA43C9 /* ObjectAL-Overview1.png */ = {isa = PBXFileReference; lastKnownFileType = image.png; path = "ObjectAL-Overview1.png"; sourceTree = "<group>"; };
		7F1D665419090DAC00BA43C9 /* ObjectAL-Overview1.svg */ = {isa = PBXFileReference; fileEncoding = 4; lastKnownFileType = text.xml; path = "ObjectAL-Overview1.svg"; sourceTree = "<group>"; };
		7F1D665519090DAC00BA43C9 /* ObjectAL-Overview2.eps */ = {isa = PBXFileReference; fileEncoding = 4; lastKnownFileType = text; path = "ObjectAL-Overview2.eps"; sourceTree = "<group>"; };
		7F1D665619090DAC00BA43C9 /* ObjectAL-Overview2.png */ = {isa = PBXFileReference; lastKnownFileType = image.png; path = "ObjectAL-Overview2.png"; sourceTree = "<group>"; };
		7F1D665719090DAC00BA43C9 /* ObjectAL-Overview2.svg */ = {isa = PBXFileReference; fileEncoding = 4; lastKnownFileType = text.xml; path = "ObjectAL-Overview2.svg"; sourceTree = "<group>"; };
		7F1D665819090DAC00BA43C9 /* LICENSE.ObjectAL.txt */ = {isa = PBXFileReference; fileEncoding = 4; lastKnownFileType = text; path = LICENSE.ObjectAL.txt; sourceTree = "<group>"; };
		7F1D665B19090DAC00BA43C9 /* OALAction+Private.h */ = {isa = PBXFileReference; fileEncoding = 4; lastKnownFileType = sourcecode.c.h; path = "OALAction+Private.h"; sourceTree = "<group>"; };
		7F1D665C19090DAC00BA43C9 /* OALAction.h */ = {isa = PBXFileReference; fileEncoding = 4; lastKnownFileType = sourcecode.c.h; path = OALAction.h; sourceTree = "<group>"; };
		7F1D665D19090DAC00BA43C9 /* OALAction.m */ = {isa = PBXFileReference; fileEncoding = 4; lastKnownFileType = sourcecode.c.objc; path = OALAction.m; sourceTree = "<group>"; };
		7F1D665E19090DAC00BA43C9 /* OALActionManager.h */ = {isa = PBXFileReference; fileEncoding = 4; lastKnownFileType = sourcecode.c.h; path = OALActionManager.h; sourceTree = "<group>"; };
		7F1D665F19090DAC00BA43C9 /* OALActionManager.m */ = {isa = PBXFileReference; fileEncoding = 4; lastKnownFileType = sourcecode.c.objc; path = OALActionManager.m; sourceTree = "<group>"; };
		7F1D666019090DAC00BA43C9 /* OALAudioActions.h */ = {isa = PBXFileReference; fileEncoding = 4; lastKnownFileType = sourcecode.c.h; path = OALAudioActions.h; sourceTree = "<group>"; };
		7F1D666119090DAC00BA43C9 /* OALAudioActions.m */ = {isa = PBXFileReference; fileEncoding = 4; lastKnownFileType = sourcecode.c.objc; path = OALAudioActions.m; sourceTree = "<group>"; };
		7F1D666219090DAC00BA43C9 /* OALUtilityActions.h */ = {isa = PBXFileReference; fileEncoding = 4; lastKnownFileType = sourcecode.c.h; path = OALUtilityActions.h; sourceTree = "<group>"; };
		7F1D666319090DAC00BA43C9 /* OALUtilityActions.m */ = {isa = PBXFileReference; fileEncoding = 4; lastKnownFileType = sourcecode.c.objc; path = OALUtilityActions.m; sourceTree = "<group>"; };
		7F1D666519090DAC00BA43C9 /* OALAudioTrack.h */ = {isa = PBXFileReference; fileEncoding = 4; lastKnownFileType = sourcecode.c.h; path = OALAudioTrack.h; sourceTree = "<group>"; };
		7F1D666619090DAC00BA43C9 /* OALAudioTrack.m */ = {isa = PBXFileReference; fileEncoding = 4; lastKnownFileType = sourcecode.c.objc; path = OALAudioTrack.m; sourceTree = "<group>"; };
		7F1D666719090DAC00BA43C9 /* OALAudioTrackNotifications.h */ = {isa = PBXFileReference; fileEncoding = 4; lastKnownFileType = sourcecode.c.h; path = OALAudioTrackNotifications.h; sourceTree = "<group>"; };
		7F1D666819090DAC00BA43C9 /* OALAudioTrackNotifications.m */ = {isa = PBXFileReference; fileEncoding = 4; lastKnownFileType = sourcecode.c.objc; path = OALAudioTrackNotifications.m; sourceTree = "<group>"; };
		7F1D666919090DAC00BA43C9 /* OALAudioTracks.h */ = {isa = PBXFileReference; fileEncoding = 4; lastKnownFileType = sourcecode.c.h; path = OALAudioTracks.h; sourceTree = "<group>"; };
		7F1D666A19090DAC00BA43C9 /* OALAudioTracks.m */ = {isa = PBXFileReference; fileEncoding = 4; lastKnownFileType = sourcecode.c.objc; path = OALAudioTracks.m; sourceTree = "<group>"; };
		7F1D666B19090DAC00BA43C9 /* OALSimpleAudio.h */ = {isa = PBXFileReference; fileEncoding = 4; lastKnownFileType = sourcecode.c.h; path = OALSimpleAudio.h; sourceTree = "<group>"; };
		7F1D666C19090DAC00BA43C9 /* OALSimpleAudio.m */ = {isa = PBXFileReference; fileEncoding = 4; lastKnownFileType = sourcecode.c.objc; path = OALSimpleAudio.m; sourceTree = "<group>"; };
		7F1D666D19090DAC00BA43C9 /* ObjectAL (iOS)-Prefix.pch */ = {isa = PBXFileReference; fileEncoding = 4; lastKnownFileType = sourcecode.c.h; path = "ObjectAL (iOS)-Prefix.pch"; sourceTree = "<group>"; };
		7F1D666E19090DAC00BA43C9 /* ObjectAL.h */ = {isa = PBXFileReference; fileEncoding = 4; lastKnownFileType = sourcecode.c.h; path = ObjectAL.h; sourceTree = "<group>"; };
		7F1D666F19090DAC00BA43C9 /* ObjectALConfig.h */ = {isa = PBXFileReference; fileEncoding = 4; lastKnownFileType = sourcecode.c.h; path = ObjectALConfig.h; sourceTree = "<group>"; };
		7F1D667119090DAC00BA43C9 /* ALBuffer.h */ = {isa = PBXFileReference; fileEncoding = 4; lastKnownFileType = sourcecode.c.h; path = ALBuffer.h; sourceTree = "<group>"; };
		7F1D667219090DAC00BA43C9 /* ALBuffer.m */ = {isa = PBXFileReference; fileEncoding = 4; lastKnownFileType = sourcecode.c.objc; path = ALBuffer.m; sourceTree = "<group>"; };
		7F1D667319090DAC00BA43C9 /* ALCaptureDevice.h */ = {isa = PBXFileReference; fileEncoding = 4; lastKnownFileType = sourcecode.c.h; path = ALCaptureDevice.h; sourceTree = "<group>"; };
		7F1D667419090DAC00BA43C9 /* ALCaptureDevice.m */ = {isa = PBXFileReference; fileEncoding = 4; lastKnownFileType = sourcecode.c.objc; path = ALCaptureDevice.m; sourceTree = "<group>"; };
		7F1D667519090DAC00BA43C9 /* ALChannelSource.h */ = {isa = PBXFileReference; fileEncoding = 4; lastKnownFileType = sourcecode.c.h; path = ALChannelSource.h; sourceTree = "<group>"; };
		7F1D667619090DAC00BA43C9 /* ALChannelSource.m */ = {isa = PBXFileReference; fileEncoding = 4; lastKnownFileType = sourcecode.c.objc; path = ALChannelSource.m; sourceTree = "<group>"; };
		7F1D667719090DAC00BA43C9 /* ALContext.h */ = {isa = PBXFileReference; fileEncoding = 4; lastKnownFileType = sourcecode.c.h; path = ALContext.h; sourceTree = "<group>"; };
		7F1D667819090DAC00BA43C9 /* ALContext.m */ = {isa = PBXFileReference; fileEncoding = 4; lastKnownFileType = sourcecode.c.objc; path = ALContext.m; sourceTree = "<group>"; };
		7F1D667919090DAC00BA43C9 /* ALDevice.h */ = {isa = PBXFileReference; fileEncoding = 4; lastKnownFileType = sourcecode.c.h; path = ALDevice.h; sourceTree = "<group>"; };
		7F1D667A19090DAC00BA43C9 /* ALDevice.m */ = {isa = PBXFileReference; fileEncoding = 4; lastKnownFileType = sourcecode.c.objc; path = ALDevice.m; sourceTree = "<group>"; };
		7F1D667B19090DAC00BA43C9 /* ALListener.h */ = {isa = PBXFileReference; fileEncoding = 4; lastKnownFileType = sourcecode.c.h; path = ALListener.h; sourceTree = "<group>"; };
		7F1D667C19090DAC00BA43C9 /* ALListener.m */ = {isa = PBXFileReference; fileEncoding = 4; lastKnownFileType = sourcecode.c.objc; path = ALListener.m; sourceTree = "<group>"; };
		7F1D667D19090DAC00BA43C9 /* ALSoundSource.h */ = {isa = PBXFileReference; fileEncoding = 4; lastKnownFileType = sourcecode.c.h; path = ALSoundSource.h; sourceTree = "<group>"; };
		7F1D667E19090DAC00BA43C9 /* ALSoundSourcePool.h */ = {isa = PBXFileReference; fileEncoding = 4; lastKnownFileType = sourcecode.c.h; path = ALSoundSourcePool.h; sourceTree = "<group>"; };
		7F1D667F19090DAC00BA43C9 /* ALSoundSourcePool.m */ = {isa = PBXFileReference; fileEncoding = 4; lastKnownFileType = sourcecode.c.objc; path = ALSoundSourcePool.m; sourceTree = "<group>"; };
		7F1D668019090DAC00BA43C9 /* ALSource.h */ = {isa = PBXFileReference; fileEncoding = 4; lastKnownFileType = sourcecode.c.h; path = ALSource.h; sourceTree = "<group>"; };
		7F1D668119090DAC00BA43C9 /* ALSource.m */ = {isa = PBXFileReference; fileEncoding = 4; lastKnownFileType = sourcecode.c.objc; path = ALSource.m; sourceTree = "<group>"; };
		7F1D668219090DAC00BA43C9 /* ALTypes.h */ = {isa = PBXFileReference; fileEncoding = 4; lastKnownFileType = sourcecode.c.h; path = ALTypes.h; sourceTree = "<group>"; };
		7F1D668319090DAC00BA43C9 /* ALWrapper.h */ = {isa = PBXFileReference; fileEncoding = 4; lastKnownFileType = sourcecode.c.h; path = ALWrapper.h; sourceTree = "<group>"; };
		7F1D668419090DAC00BA43C9 /* ALWrapper.m */ = {isa = PBXFileReference; fileEncoding = 4; lastKnownFileType = sourcecode.c.objc; path = ALWrapper.m; sourceTree = "<group>"; };
		7F1D668519090DAC00BA43C9 /* OpenALManager.h */ = {isa = PBXFileReference; fileEncoding = 4; lastKnownFileType = sourcecode.c.h; path = OpenALManager.h; sourceTree = "<group>"; };
		7F1D668619090DAC00BA43C9 /* OpenALManager.m */ = {isa = PBXFileReference; fileEncoding = 4; lastKnownFileType = sourcecode.c.objc; path = OpenALManager.m; sourceTree = "<group>"; };
		7F1D668819090DAC00BA43C9 /* OALAudioSession.h */ = {isa = PBXFileReference; fileEncoding = 4; lastKnownFileType = sourcecode.c.h; path = OALAudioSession.h; sourceTree = "<group>"; };
		7F1D668919090DAC00BA43C9 /* OALAudioSession.m */ = {isa = PBXFileReference; fileEncoding = 4; lastKnownFileType = sourcecode.c.objc; path = OALAudioSession.m; sourceTree = "<group>"; };
		7F1D668A19090DAC00BA43C9 /* OALSuspendHandler.h */ = {isa = PBXFileReference; fileEncoding = 4; lastKnownFileType = sourcecode.c.h; path = OALSuspendHandler.h; sourceTree = "<group>"; };
		7F1D668B19090DAC00BA43C9 /* OALSuspendHandler.m */ = {isa = PBXFileReference; fileEncoding = 4; lastKnownFileType = sourcecode.c.objc; path = OALSuspendHandler.m; sourceTree = "<group>"; };
		7F1D668D19090DAC00BA43C9 /* ARCSafe_MemMgmt.h */ = {isa = PBXFileReference; fileEncoding = 4; lastKnownFileType = sourcecode.c.h; path = ARCSafe_MemMgmt.h; sourceTree = "<group>"; };
		7F1D668E19090DAC00BA43C9 /* IOSVersion.h */ = {isa = PBXFileReference; fileEncoding = 4; lastKnownFileType = sourcecode.c.h; path = IOSVersion.h; sourceTree = "<group>"; };
		7F1D668F19090DAC00BA43C9 /* IOSVersion.m */ = {isa = PBXFileReference; fileEncoding = 4; lastKnownFileType = sourcecode.c.objc; path = IOSVersion.m; sourceTree = "<group>"; };
		7F1D669019090DAC00BA43C9 /* mach_timing.c */ = {isa = PBXFileReference; fileEncoding = 4; lastKnownFileType = sourcecode.c.c; path = mach_timing.c; sourceTree = "<group>"; };
		7F1D669119090DAC00BA43C9 /* mach_timing.h */ = {isa = PBXFileReference; fileEncoding = 4; lastKnownFileType = sourcecode.c.h; path = mach_timing.h; sourceTree = "<group>"; };
		7F1D669219090DAC00BA43C9 /* NSMutableArray+WeakReferences.h */ = {isa = PBXFileReference; fileEncoding = 4; lastKnownFileType = sourcecode.c.h; path = "NSMutableArray+WeakReferences.h"; sourceTree = "<group>"; };
		7F1D669319090DAC00BA43C9 /* NSMutableArray+WeakReferences.m */ = {isa = PBXFileReference; fileEncoding = 4; lastKnownFileType = sourcecode.c.objc; path = "NSMutableArray+WeakReferences.m"; sourceTree = "<group>"; };
		7F1D669419090DAC00BA43C9 /* NSMutableDictionary+WeakReferences.h */ = {isa = PBXFileReference; fileEncoding = 4; lastKnownFileType = sourcecode.c.h; path = "NSMutableDictionary+WeakReferences.h"; sourceTree = "<group>"; };
		7F1D669519090DAC00BA43C9 /* NSMutableDictionary+WeakReferences.m */ = {isa = PBXFileReference; fileEncoding = 4; lastKnownFileType = sourcecode.c.objc; path = "NSMutableDictionary+WeakReferences.m"; sourceTree = "<group>"; };
		7F1D669619090DAC00BA43C9 /* OALAudioFile.h */ = {isa = PBXFileReference; fileEncoding = 4; lastKnownFileType = sourcecode.c.h; path = OALAudioFile.h; sourceTree = "<group>"; };
		7F1D669719090DAC00BA43C9 /* OALAudioFile.m */ = {isa = PBXFileReference; fileEncoding = 4; lastKnownFileType = sourcecode.c.objc; path = OALAudioFile.m; sourceTree = "<group>"; };
		7F1D669819090DAC00BA43C9 /* OALNotifications.h */ = {isa = PBXFileReference; fileEncoding = 4; lastKnownFileType = sourcecode.c.h; path = OALNotifications.h; sourceTree = "<group>"; };
		7F1D669919090DAC00BA43C9 /* OALTools.h */ = {isa = PBXFileReference; fileEncoding = 4; lastKnownFileType = sourcecode.c.h; path = OALTools.h; sourceTree = "<group>"; };
		7F1D669A19090DAC00BA43C9 /* OALTools.m */ = {isa = PBXFileReference; fileEncoding = 4; lastKnownFileType = sourcecode.c.objc; path = OALTools.m; sourceTree = "<group>"; };
		7F1D669B19090DAC00BA43C9 /* ObjectALMacros.h */ = {isa = PBXFileReference; fileEncoding = 4; lastKnownFileType = sourcecode.c.h; path = ObjectALMacros.h; sourceTree = "<group>"; };
		7F1D669C19090DAC00BA43C9 /* SynthesizeSingleton.h */ = {isa = PBXFileReference; fileEncoding = 4; lastKnownFileType = sourcecode.c.h; path = SynthesizeSingleton.h; sourceTree = "<group>"; };
		7F1D669F19090DAC00BA43C9 /* en */ = {isa = PBXFileReference; lastKnownFileType = text.plist.strings; name = en; path = en.lproj/InfoPlist.strings; sourceTree = "<group>"; };
		7F1D66A019090DAC00BA43C9 /* ObjectAL (OSX)-Info.plist */ = {isa = PBXFileReference; fileEncoding = 4; lastKnownFileType = text.plist.xml; path = "ObjectAL (OSX)-Info.plist"; sourceTree = "<group>"; };
		7F1D66A119090DAC00BA43C9 /* ObjectAL (OSX)-Prefix.pch */ = {isa = PBXFileReference; fileEncoding = 4; lastKnownFileType = sourcecode.c.h; path = "ObjectAL (OSX)-Prefix.pch"; sourceTree = "<group>"; };
		7F1D66A219090DAC00BA43C9 /* ObjectAL.xcodeproj */ = {isa = PBXFileReference; lastKnownFileType = "wrapper.pb-project"; path = ObjectAL.xcodeproj; sourceTree = "<group>"; };
		7F1D66D119090DD000BA43C9 /* AudioToolbox.framework */ = {isa = PBXFileReference; lastKnownFileType = wrapper.framework; name = AudioToolbox.framework; path = System/Library/Frameworks/AudioToolbox.framework; sourceTree = SDKROOT; };
		7F1D66D219090DD000BA43C9 /* AVFoundation.framework */ = {isa = PBXFileReference; lastKnownFileType = wrapper.framework; name = AVFoundation.framework; path = System/Library/Frameworks/AVFoundation.framework; sourceTree = SDKROOT; };
		7F1D66D51909123800BA43C9 /* SquareSoundManager.h */ = {isa = PBXFileReference; fileEncoding = 4; lastKnownFileType = sourcecode.c.h; path = SquareSoundManager.h; sourceTree = "<group>"; };
		7F1D66D61909123800BA43C9 /* SquareSoundManager.m */ = {isa = PBXFileReference; fileEncoding = 4; lastKnownFileType = sourcecode.c.objc; path = SquareSoundManager.m; sourceTree = "<group>"; };
		7F1D66D919091E5000BA43C9 /* ClickButton.m4a */ = {isa = PBXFileReference; lastKnownFileType = file; path = ClickButton.m4a; sourceTree = "<group>"; };
		7F1D66DF19092AF500BA43C9 /* SquareExplosion.h */ = {isa = PBXFileReference; fileEncoding = 4; lastKnownFileType = sourcecode.c.h; path = SquareExplosion.h; sourceTree = "<group>"; };
		7F1D66E019092AF500BA43C9 /* SquareExplosion.m */ = {isa = PBXFileReference; fileEncoding = 4; lastKnownFileType = sourcecode.c.objc; path = SquareExplosion.m; sourceTree = "<group>"; };
		7F1D66E21909423F00BA43C9 /* particle_base-48x48.jpg */ = {isa = PBXFileReference; lastKnownFileType = image.jpeg; path = "particle_base-48x48.jpg"; sourceTree = "<group>"; };
		7F1D66E4190952CB00BA43C9 /* ParticleSmoke.png */ = {isa = PBXFileReference; lastKnownFileType = image.png; path = ParticleSmoke.png; sourceTree = "<group>"; };
		7F1D66E619095FDA00BA43C9 /* SquareMultiplier.h */ = {isa = PBXFileReference; fileEncoding = 4; lastKnownFileType = sourcecode.c.h; path = SquareMultiplier.h; sourceTree = "<group>"; };
		7F1D66E719095FDB00BA43C9 /* SquareMultiplier.m */ = {isa = PBXFileReference; fileEncoding = 4; lastKnownFileType = sourcecode.c.objc; path = SquareMultiplier.m; sourceTree = "<group>"; };
		7F2B13C519096DFD00745282 /* SquareDemo.h */ = {isa = PBXFileReference; fileEncoding = 4; lastKnownFileType = sourcecode.c.h; path = SquareDemo.h; sourceTree = "<group>"; };
		7F2B13C619096DFD00745282 /* SquareDemo.m */ = {isa = PBXFileReference; fileEncoding = 4; lastKnownFileType = sourcecode.c.objc; path = SquareDemo.m; sourceTree = "<group>"; };
		7F2EF19A18F04C2E00ED4852 /* QuartzCore.framework */ = {isa = PBXFileReference; lastKnownFileType = wrapper.framework; name = QuartzCore.framework; path = System/Library/Frameworks/QuartzCore.framework; sourceTree = SDKROOT; };
		7F2EF19D18F0905200ED4852 /* defines.h */ = {isa = PBXFileReference; lastKnownFileType = sourcecode.c.h; path = defines.h; sourceTree = "<group>"; };
		7F2EF19E18F0A95A00ED4852 /* SquareGrid.h */ = {isa = PBXFileReference; fileEncoding = 4; lastKnownFileType = sourcecode.c.h; path = SquareGrid.h; sourceTree = "<group>"; };
		7F2EF19F18F0A95A00ED4852 /* SquareGrid.m */ = {isa = PBXFileReference; fileEncoding = 4; lastKnownFileType = sourcecode.c.objc; path = SquareGrid.m; sourceTree = "<group>"; };
		7F2EF1A318F15A5D00ED4852 /* SquareGameOverViewController.h */ = {isa = PBXFileReference; fileEncoding = 4; lastKnownFileType = sourcecode.c.h; name = SquareGameOverViewController.h; path = ../SquareGameOverViewController.h; sourceTree = "<group>"; };
		7F2EF1A418F15A5D00ED4852 /* SquareGameOverViewController.m */ = {isa = PBXFileReference; fileEncoding = 4; lastKnownFileType = sourcecode.c.objc; name = SquareGameOverViewController.m; path = ../SquareGameOverViewController.m; sourceTree = "<group>"; };
		7F2EF1A518F15A5D00ED4852 /* SquareGameOverViewController.xib */ = {isa = PBXFileReference; fileEncoding = 4; lastKnownFileType = file.xib; name = SquareGameOverViewController.xib; path = ../SquareGameOverViewController.xib; sourceTree = "<group>"; };
		7F2EF1AC18F202B200ED4852 /* UIImage+UIImageAdditions.h */ = {isa = PBXFileReference; fileEncoding = 4; lastKnownFileType = sourcecode.c.h; path = "UIImage+UIImageAdditions.h"; sourceTree = "<group>"; };
		7F2EF1AD18F202B200ED4852 /* UIImage+UIImageAdditions.m */ = {isa = PBXFileReference; fileEncoding = 4; lastKnownFileType = sourcecode.c.objc; path = "UIImage+UIImageAdditions.m"; sourceTree = "<group>"; };
		7F2EF1B218F226C200ED4852 /* SquareGameViewController.xib */ = {isa = PBXFileReference; fileEncoding = 4; lastKnownFileType = file.xib; path = SquareGameViewController.xib; sourceTree = "<group>"; };
		7F2EF1B618F2DA5000ED4852 /* SquareIndestructible.h */ = {isa = PBXFileReference; fileEncoding = 4; lastKnownFileType = sourcecode.c.h; path = SquareIndestructible.h; sourceTree = "<group>"; };
		7F2EF1B718F2DA5000ED4852 /* SquareIndestructible.m */ = {isa = PBXFileReference; fileEncoding = 4; lastKnownFileType = sourcecode.c.objc; path = SquareIndestructible.m; sourceTree = "<group>"; };
		7F2EF1B918F2E55600ED4852 /* SquareGameOver.h */ = {isa = PBXFileReference; fileEncoding = 4; lastKnownFileType = sourcecode.c.h; path = SquareGameOver.h; sourceTree = "<group>"; };
		7F2EF1BA18F2E55600ED4852 /* SquareGameOver.m */ = {isa = PBXFileReference; fileEncoding = 4; lastKnownFileType = sourcecode.c.objc; path = SquareGameOver.m; sourceTree = "<group>"; };
		7F2EF1BC18F2EF7200ED4852 /* SquareResilient.h */ = {isa = PBXFileReference; fileEncoding = 4; lastKnownFileType = sourcecode.c.h; path = SquareResilient.h; sourceTree = "<group>"; };
		7F2EF1BD18F2EF7200ED4852 /* SquareResilient.m */ = {isa = PBXFileReference; fileEncoding = 4; lastKnownFileType = sourcecode.c.objc; path = SquareResilient.m; sourceTree = "<group>"; };
		7F2EF1BF18F2F99600ED4852 /* SquareExponential.h */ = {isa = PBXFileReference; fileEncoding = 4; lastKnownFileType = sourcecode.c.h; path = SquareExponential.h; sourceTree = "<group>"; };
		7F2EF1C018F2F99600ED4852 /* SquareExponential.m */ = {isa = PBXFileReference; fileEncoding = 4; lastKnownFileType = sourcecode.c.objc; path = SquareExponential.m; sourceTree = "<group>"; };
		7F2EF1CB18F3693F00ED4852 /* SquareGameView.h */ = {isa = PBXFileReference; fileEncoding = 4; lastKnownFileType = sourcecode.c.h; path = SquareGameView.h; sourceTree = "<group>"; };
		7F2EF1CC18F3693F00ED4852 /* SquareGameView.m */ = {isa = PBXFileReference; fileEncoding = 4; lastKnownFileType = sourcecode.c.objc; path = SquareGameView.m; sourceTree = "<group>"; };
		7F2EF1CE18F3FC9700ED4852 /* Levels.plist */ = {isa = PBXFileReference; fileEncoding = 4; lastKnownFileType = text.plist.xml; path = Levels.plist; sourceTree = "<group>"; };
		7F2EF1D018F4009F00ED4852 /* SquareLevels.h */ = {isa = PBXFileReference; fileEncoding = 4; lastKnownFileType = sourcecode.c.h; path = SquareLevels.h; sourceTree = "<group>"; };
		7F2EF1D118F4009F00ED4852 /* SquareLevels.m */ = {isa = PBXFileReference; fileEncoding = 4; lastKnownFileType = sourcecode.c.objc; path = SquareLevels.m; sourceTree = "<group>"; };
		7F2EF1D318F42DCC00ED4852 /* NSDictionaryAdditions.h */ = {isa = PBXFileReference; fileEncoding = 4; lastKnownFileType = sourcecode.c.h; path = NSDictionaryAdditions.h; sourceTree = "<group>"; };
		7F2EF1D418F42DCC00ED4852 /* NSDictionaryAdditions.m */ = {isa = PBXFileReference; fileEncoding = 4; lastKnownFileType = sourcecode.c.objc; path = NSDictionaryAdditions.m; sourceTree = "<group>"; };
		7F2EF1D618F42E6900ED4852 /* SquareScoreManager.h */ = {isa = PBXFileReference; fileEncoding = 4; lastKnownFileType = sourcecode.c.h; path = SquareScoreManager.h; sourceTree = "<group>"; };
		7F2EF1D718F42E6900ED4852 /* SquareScoreManager.m */ = {isa = PBXFileReference; fileEncoding = 4; lastKnownFileType = sourcecode.c.objc; path = SquareScoreManager.m; sourceTree = "<group>"; };
		7F3599001908638300AA4C30 /* SquareCounter.h */ = {isa = PBXFileReference; fileEncoding = 4; lastKnownFileType = sourcecode.c.h; path = SquareCounter.h; sourceTree = "<group>"; };
		7F3599011908638300AA4C30 /* SquareCounter.m */ = {isa = PBXFileReference; fileEncoding = 4; lastKnownFileType = sourcecode.c.objc; path = SquareCounter.m; sourceTree = "<group>"; };
		7F35990519086E2E00AA4C30 /* Square Exponential.png */ = {isa = PBXFileReference; lastKnownFileType = image.png; path = "Square Exponential.png"; sourceTree = "<group>"; };
		7F4108E818EEDC42007F8750 /* Squares.app */ = {isa = PBXFileReference; explicitFileType = wrapper.application; includeInIndex = 0; path = Squares.app; sourceTree = BUILT_PRODUCTS_DIR; };
		7F4108EB18EEDC42007F8750 /* Foundation.framework */ = {isa = PBXFileReference; lastKnownFileType = wrapper.framework; name = Foundation.framework; path = System/Library/Frameworks/Foundation.framework; sourceTree = SDKROOT; };
		7F4108ED18EEDC42007F8750 /* CoreGraphics.framework */ = {isa = PBXFileReference; lastKnownFileType = wrapper.framework; name = CoreGraphics.framework; path = System/Library/Frameworks/CoreGraphics.framework; sourceTree = SDKROOT; };
		7F4108EF18EEDC42007F8750 /* UIKit.framework */ = {isa = PBXFileReference; lastKnownFileType = wrapper.framework; name = UIKit.framework; path = System/Library/Frameworks/UIKit.framework; sourceTree = SDKROOT; };
		7F4108F318EEDC42007F8750 /* Squares-Info.plist */ = {isa = PBXFileReference; lastKnownFileType = text.plist.xml; path = "Squares-Info.plist"; sourceTree = "<group>"; };
		7F4108F518EEDC42007F8750 /* en */ = {isa = PBXFileReference; lastKnownFileType = text.plist.strings; name = en; path = en.lproj/InfoPlist.strings; sourceTree = "<group>"; };
		7F4108F718EEDC42007F8750 /* main.m */ = {isa = PBXFileReference; lastKnownFileType = sourcecode.c.objc; path = main.m; sourceTree = "<group>"; };
		7F4108F918EEDC42007F8750 /* Squares-Prefix.pch */ = {isa = PBXFileReference; lastKnownFileType = sourcecode.c.h; path = "Squares-Prefix.pch"; sourceTree = "<group>"; };
		7F4108FA18EEDC42007F8750 /* SquareAppDelegate.h */ = {isa = PBXFileReference; lastKnownFileType = sourcecode.c.h; path = SquareAppDelegate.h; sourceTree = "<group>"; };
		7F4108FB18EEDC42007F8750 /* SquareAppDelegate.m */ = {isa = PBXFileReference; lastKnownFileType = sourcecode.c.objc; path = SquareAppDelegate.m; sourceTree = "<group>"; };
		7F41090318EEDC42007F8750 /* Images.xcassets */ = {isa = PBXFileReference; lastKnownFileType = folder.assetcatalog; path = Images.xcassets; sourceTree = "<group>"; };
		7F41090918EEDC42007F8750 /* SquaresTests.xctest */ = {isa = PBXFileReference; explicitFileType = wrapper.cfbundle; includeInIndex = 0; path = SquaresTests.xctest; sourceTree = BUILT_PRODUCTS_DIR; };
		7F41090A18EEDC42007F8750 /* XCTest.framework */ = {isa = PBXFileReference; lastKnownFileType = wrapper.framework; name = XCTest.framework; path = Library/Frameworks/XCTest.framework; sourceTree = DEVELOPER_DIR; };
		7F41091218EEDC42007F8750 /* SquaresTests-Info.plist */ = {isa = PBXFileReference; lastKnownFileType = text.plist.xml; path = "SquaresTests-Info.plist"; sourceTree = "<group>"; };
		7F41091418EEDC42007F8750 /* en */ = {isa = PBXFileReference; lastKnownFileType = text.plist.strings; name = en; path = en.lproj/InfoPlist.strings; sourceTree = "<group>"; };
		7F41091618EEDC42007F8750 /* SquaresTests.m */ = {isa = PBXFileReference; lastKnownFileType = sourcecode.c.objc; path = SquaresTests.m; sourceTree = "<group>"; };
		7F41092518EEF1EC007F8750 /* SquareMenuViewController.h */ = {isa = PBXFileReference; fileEncoding = 4; lastKnownFileType = sourcecode.c.h; path = SquareMenuViewController.h; sourceTree = "<group>"; };
		7F41092618EEF1EC007F8750 /* SquareMenuViewController.m */ = {isa = PBXFileReference; fileEncoding = 4; lastKnownFileType = sourcecode.c.objc; path = SquareMenuViewController.m; sourceTree = "<group>"; };
		7F41092718EEF1EC007F8750 /* SquareMenuViewController.xib */ = {isa = PBXFileReference; fileEncoding = 4; lastKnownFileType = file.xib; path = SquareMenuViewController.xib; sourceTree = "<group>"; };
		7F41092A18EEF381007F8750 /* SquareGameViewController.h */ = {isa = PBXFileReference; fileEncoding = 4; lastKnownFileType = sourcecode.c.h; path = SquareGameViewController.h; sourceTree = "<group>"; };
		7F41092B18EEF381007F8750 /* SquareGameViewController.m */ = {isa = PBXFileReference; fileEncoding = 4; lastKnownFileType = sourcecode.c.objc; path = SquareGameViewController.m; sourceTree = "<group>"; };
		7F41092F18EEF847007F8750 /* SquareBase.h */ = {isa = PBXFileReference; fileEncoding = 4; lastKnownFileType = sourcecode.c.h; path = SquareBase.h; sourceTree = "<group>"; };
		7F41093018EEF847007F8750 /* SquareBase.m */ = {isa = PBXFileReference; fileEncoding = 4; lastKnownFileType = sourcecode.c.objc; path = SquareBase.m; sourceTree = "<group>"; };
		7FAC484F190D7E3700CC4227 /* SquareCrossedLines.h */ = {isa = PBXFileReference; fileEncoding = 4; lastKnownFileType = sourcecode.c.h; path = SquareCrossedLines.h; sourceTree = "<group>"; };
		7FAC4850190D7E3700CC4227 /* SquareCrossedLines.m */ = {isa = PBXFileReference; fileEncoding = 4; lastKnownFileType = sourcecode.c.objc; path = SquareCrossedLines.m; sourceTree = "<group>"; };
		7FAE3D1E1909B3C40095321D /* Ambient sound.aiff */ = {isa = PBXFileReference; lastKnownFileType = audio.aiff; path = "Ambient sound.aiff"; sourceTree = "<group>"; };
		7FAE3D1F1909B3C40095321D /* Explosion.aiff */ = {isa = PBXFileReference; lastKnownFileType = audio.aiff; path = Explosion.aiff; sourceTree = "<group>"; };
		7FAE3D201909B3C40095321D /* GameOver.aiff */ = {isa = PBXFileReference; lastKnownFileType = audio.aiff; path = GameOver.aiff; sourceTree = "<group>"; };
		7FAE3D211909B3C40095321D /* Multiplier.aiff */ = {isa = PBXFileReference; lastKnownFileType = audio.aiff; path = Multiplier.aiff; sourceTree = "<group>"; };
		7FAE3D221909B3C40095321D /* UI Sound.aiff */ = {isa = PBXFileReference; lastKnownFileType = audio.aiff; path = "UI Sound.aiff"; sourceTree = "<group>"; };
		7FAED70A190B069500ABF9DB /* Ambient BG.m4a */ = {isa = PBXFileReference; lastKnownFileType = file; path = "Ambient BG.m4a"; sourceTree = "<group>"; };
		7FAED70B190B069500ABF9DB /* Explosion.m4a */ = {isa = PBXFileReference; lastKnownFileType = file; path = Explosion.m4a; sourceTree = "<group>"; };
		7FAED70C190B069500ABF9DB /* GameOver.m4a */ = {isa = PBXFileReference; lastKnownFileType = file; path = GameOver.m4a; sourceTree = "<group>"; };
		7FAED70D190B069500ABF9DB /* Multiplier.m4a */ = {isa = PBXFileReference; lastKnownFileType = file; path = Multiplier.m4a; sourceTree = "<group>"; };
		7FAED70E190B069500ABF9DB /* Music IG.m4a */ = {isa = PBXFileReference; lastKnownFileType = file; path = "Music IG.m4a"; sourceTree = "<group>"; };
		7FAED70F190B069500ABF9DB /* UI Sound.m4a */ = {isa = PBXFileReference; lastKnownFileType = file; path = "UI Sound.m4a"; sourceTree = "<group>"; };
		7FAED719190C649600ABF9DB /* SquareParticlesEmitter.h */ = {isa = PBXFileReference; fileEncoding = 4; lastKnownFileType = sourcecode.c.h; path = SquareParticlesEmitter.h; sourceTree = "<group>"; };
		7FAED71A190C649700ABF9DB /* SquareParticlesEmitter.m */ = {isa = PBXFileReference; fileEncoding = 4; lastKnownFileType = sourcecode.c.objc; path = SquareParticlesEmitter.m; sourceTree = "<group>"; };
		7FAFCC3C18F4C82700E5EEFD /* Background.png */ = {isa = PBXFileReference; lastKnownFileType = image.png; path = Background.png; sourceTree = "<group>"; };
		7FAFCC3D18F4C82700E5EEFD /* Background@2x.png */ = {isa = PBXFileReference; lastKnownFileType = image.png; path = "Background@2x.png"; sourceTree = "<group>"; };
		7FAFCC4218F4C82700E5EEFD /* Square.ttf */ = {isa = PBXFileReference; lastKnownFileType = file; path = Square.ttf; sourceTree = "<group>"; };
		7FAFCC4B18F4C82700E5EEFD /* Squareo.ttf */ = {isa = PBXFileReference; lastKnownFileType = file; path = Squareo.ttf; sourceTree = "<group>"; };
		7FB96A5A18F6094500781FA3 /* Social.framework */ = {isa = PBXFileReference; lastKnownFileType = wrapper.framework; name = Social.framework; path = System/Library/Frameworks/Social.framework; sourceTree = SDKROOT; };
		7FB96A5C18F60B2100781FA3 /* Accounts.framework */ = {isa = PBXFileReference; lastKnownFileType = wrapper.framework; name = Accounts.framework; path = System/Library/Frameworks/Accounts.framework; sourceTree = SDKROOT; };
		7FB96A5E18F60D3200781FA3 /* SquareSocialController.h */ = {isa = PBXFileReference; fileEncoding = 4; lastKnownFileType = sourcecode.c.h; path = SquareSocialController.h; sourceTree = "<group>"; };
		7FB96A5F18F60D3200781FA3 /* SquareSocialController.m */ = {isa = PBXFileReference; fileEncoding = 4; lastKnownFileType = sourcecode.c.objc; path = SquareSocialController.m; sourceTree = "<group>"; };
		7FBDD48D19081A3C0098594F /* Button large.png */ = {isa = PBXFileReference; lastKnownFileType = image.png; path = "Button large.png"; sourceTree = "<group>"; };
		7FBDD48E19081A3C0098594F /* Button large@2x.png */ = {isa = PBXFileReference; lastKnownFileType = image.png; path = "Button large@2x.png"; sourceTree = "<group>"; };
		7FBDD48F19081A3C0098594F /* Button small.png */ = {isa = PBXFileReference; lastKnownFileType = image.png; path = "Button small.png"; sourceTree = "<group>"; };
		7FBDD49019081A3C0098594F /* Button small@2x.png */ = {isa = PBXFileReference; lastKnownFileType = image.png; path = "Button small@2x.png"; sourceTree = "<group>"; };
		7FBDD49119081A3C0098594F /* LOGO Menu.png */ = {isa = PBXFileReference; lastKnownFileType = image.png; path = "LOGO Menu.png"; sourceTree = "<group>"; };
		7FBDD49219081A3C0098594F /* LOGO Menu@2x.png */ = {isa = PBXFileReference; lastKnownFileType = image.png; path = "LOGO Menu@2x.png"; sourceTree = "<group>"; };
		7FBDD49519081A3C0098594F /* Splash iphone5.png */ = {isa = PBXFileReference; lastKnownFileType = image.png; path = "Splash iphone5.png"; sourceTree = "<group>"; };
		7FBDD49619081A3C0098594F /* Splash iphone5@2x.png */ = {isa = PBXFileReference; lastKnownFileType = image.png; path = "Splash iphone5@2x.png"; sourceTree = "<group>"; };
		7FBDD49719081A3C0098594F /* Splash.png */ = {isa = PBXFileReference; lastKnownFileType = image.png; path = Splash.png; sourceTree = "<group>"; };
		7FBDD49819081A3C0098594F /* Splash@2x.png */ = {isa = PBXFileReference; lastKnownFileType = image.png; path = "Splash@2x.png"; sourceTree = "<group>"; };
		7FBDD49919081A3C0098594F /* Square Death.png */ = {isa = PBXFileReference; lastKnownFileType = image.png; path = "Square Death.png"; sourceTree = "<group>"; };
		7FBDD49B19081A3C0098594F /* Square Indestructible.png */ = {isa = PBXFileReference; lastKnownFileType = image.png; path = "Square Indestructible.png"; sourceTree = "<group>"; };
		7FBDD49C19081A3C0098594F /* Square Resilient1.png */ = {isa = PBXFileReference; lastKnownFileType = image.png; path = "Square Resilient1.png"; sourceTree = "<group>"; };
		7FBDD49D19081A3C0098594F /* Square Resilient2.png */ = {isa = PBXFileReference; lastKnownFileType = image.png; path = "Square Resilient2.png"; sourceTree = "<group>"; };
		7FBDD49E19081A3C0098594F /* Square Resilient3.png */ = {isa = PBXFileReference; lastKnownFileType = image.png; path = "Square Resilient3.png"; sourceTree = "<group>"; };
		7FBDD49F19081A3C0098594F /* Square Base.png */ = {isa = PBXFileReference; lastKnownFileType = image.png; path = "Square Base.png"; sourceTree = "<group>"; };
		7FBDD4A019081A3C0098594F /* squares_logo_1024.png */ = {isa = PBXFileReference; lastKnownFileType = image.png; path = squares_logo_1024.png; sourceTree = "<group>"; };
		7FBDD4A119081A3C0098594F /* squares_logo.png */ = {isa = PBXFileReference; lastKnownFileType = image.png; path = squares_logo.png; sourceTree = "<group>"; };
		7FBDD4A219081A3C0098594F /* squares_logo@2x.png */ = {isa = PBXFileReference; lastKnownFileType = image.png; path = "squares_logo@2x.png"; sourceTree = "<group>"; };
		7FC20D491909C39900B041CD /* SquareIndicatorLevel.h */ = {isa = PBXFileReference; fileEncoding = 4; lastKnownFileType = sourcecode.c.h; path = SquareIndicatorLevel.h; sourceTree = "<group>"; };
		7FC20D4A1909C39900B041CD /* SquareIndicatorLevel.m */ = {isa = PBXFileReference; fileEncoding = 4; lastKnownFileType = sourcecode.c.objc; path = SquareIndicatorLevel.m; sourceTree = "<group>"; };
		7FC20D56190A5F5900B041CD /* SquareOptionsViewController.h */ = {isa = PBXFileReference; fileEncoding = 4; lastKnownFileType = sourcecode.c.h; path = SquareOptionsViewController.h; sourceTree = "<group>"; };
		7FC20D57190A5F5900B041CD /* SquareOptionsViewController.m */ = {isa = PBXFileReference; fileEncoding = 4; lastKnownFileType = sourcecode.c.objc; path = SquareOptionsViewController.m; sourceTree = "<group>"; };
		7FC20D58190A5F5900B041CD /* SquareOptionsViewController.xib */ = {isa = PBXFileReference; fileEncoding = 4; lastKnownFileType = file.xib; path = SquareOptionsViewController.xib; sourceTree = "<group>"; };
/* End PBXFileReference section */

/* Begin PBXFrameworksBuildPhase section */
		7F4108E518EEDC42007F8750 /* Frameworks */ = {
			isa = PBXFrameworksBuildPhase;
			buildActionMask = 2147483647;
			files = (
				7F1D66DD19091F8900BA43C9 /* libObjectAL.a in Frameworks */,
				7F1D66D319090DD000BA43C9 /* AudioToolbox.framework in Frameworks */,
				7F1D66D419090DD000BA43C9 /* AVFoundation.framework in Frameworks */,
				7FB96A5D18F60B2100781FA3 /* Accounts.framework in Frameworks */,
				7FB96A5B18F6094500781FA3 /* Social.framework in Frameworks */,
				7F2EF19B18F04C2E00ED4852 /* QuartzCore.framework in Frameworks */,
				7F4108EE18EEDC42007F8750 /* CoreGraphics.framework in Frameworks */,
				7F4108F018EEDC42007F8750 /* UIKit.framework in Frameworks */,
				7F4108EC18EEDC42007F8750 /* Foundation.framework in Frameworks */,
			);
			runOnlyForDeploymentPostprocessing = 0;
		};
		7F41090618EEDC42007F8750 /* Frameworks */ = {
			isa = PBXFrameworksBuildPhase;
			buildActionMask = 2147483647;
			files = (
				7F41090B18EEDC42007F8750 /* XCTest.framework in Frameworks */,
				7F41090D18EEDC42007F8750 /* UIKit.framework in Frameworks */,
				7F41090C18EEDC42007F8750 /* Foundation.framework in Frameworks */,
			);
			runOnlyForDeploymentPostprocessing = 0;
		};
/* End PBXFrameworksBuildPhase section */

/* Begin PBXGroup section */
		7F1D664F19090DAC00BA43C9 /* ObjectAL */ = {
			isa = PBXGroup;
			children = (
				7F1D665019090DAC00BA43C9 /* build_docs.sh */,
				7F1D665119090DAC00BA43C9 /* diagrams */,
				7F1D665819090DAC00BA43C9 /* LICENSE.ObjectAL.txt */,
				7F1D665919090DAC00BA43C9 /* ObjectAL (iOS) */,
				7F1D669D19090DAC00BA43C9 /* ObjectAL (OSX) */,
				7F1D66A219090DAC00BA43C9 /* ObjectAL.xcodeproj */,
			);
			path = ObjectAL;
			sourceTree = "<group>";
		};
		7F1D665119090DAC00BA43C9 /* diagrams */ = {
			isa = PBXGroup;
			children = (
				7F1D665219090DAC00BA43C9 /* ObjectAL-Overview1.eps */,
				7F1D665319090DAC00BA43C9 /* ObjectAL-Overview1.png */,
				7F1D665419090DAC00BA43C9 /* ObjectAL-Overview1.svg */,
				7F1D665519090DAC00BA43C9 /* ObjectAL-Overview2.eps */,
				7F1D665619090DAC00BA43C9 /* ObjectAL-Overview2.png */,
				7F1D665719090DAC00BA43C9 /* ObjectAL-Overview2.svg */,
			);
			path = diagrams;
			sourceTree = "<group>";
		};
		7F1D665919090DAC00BA43C9 /* ObjectAL (iOS) */ = {
			isa = PBXGroup;
			children = (
				7F1D665A19090DAC00BA43C9 /* Actions */,
				7F1D666419090DAC00BA43C9 /* AudioTrack */,
				7F1D666B19090DAC00BA43C9 /* OALSimpleAudio.h */,
				7F1D666C19090DAC00BA43C9 /* OALSimpleAudio.m */,
				7F1D666D19090DAC00BA43C9 /* ObjectAL (iOS)-Prefix.pch */,
				7F1D666E19090DAC00BA43C9 /* ObjectAL.h */,
				7F1D666F19090DAC00BA43C9 /* ObjectALConfig.h */,
				7F1D667019090DAC00BA43C9 /* OpenAL */,
				7F1D668719090DAC00BA43C9 /* Session */,
				7F1D668C19090DAC00BA43C9 /* Support */,
			);
			path = "ObjectAL (iOS)";
			sourceTree = "<group>";
		};
		7F1D665A19090DAC00BA43C9 /* Actions */ = {
			isa = PBXGroup;
			children = (
				7F1D665B19090DAC00BA43C9 /* OALAction+Private.h */,
				7F1D665C19090DAC00BA43C9 /* OALAction.h */,
				7F1D665D19090DAC00BA43C9 /* OALAction.m */,
				7F1D665E19090DAC00BA43C9 /* OALActionManager.h */,
				7F1D665F19090DAC00BA43C9 /* OALActionManager.m */,
				7F1D666019090DAC00BA43C9 /* OALAudioActions.h */,
				7F1D666119090DAC00BA43C9 /* OALAudioActions.m */,
				7F1D666219090DAC00BA43C9 /* OALUtilityActions.h */,
				7F1D666319090DAC00BA43C9 /* OALUtilityActions.m */,
			);
			path = Actions;
			sourceTree = "<group>";
		};
		7F1D666419090DAC00BA43C9 /* AudioTrack */ = {
			isa = PBXGroup;
			children = (
				7F1D666519090DAC00BA43C9 /* OALAudioTrack.h */,
				7F1D666619090DAC00BA43C9 /* OALAudioTrack.m */,
				7F1D666719090DAC00BA43C9 /* OALAudioTrackNotifications.h */,
				7F1D666819090DAC00BA43C9 /* OALAudioTrackNotifications.m */,
				7F1D666919090DAC00BA43C9 /* OALAudioTracks.h */,
				7F1D666A19090DAC00BA43C9 /* OALAudioTracks.m */,
			);
			path = AudioTrack;
			sourceTree = "<group>";
		};
		7F1D667019090DAC00BA43C9 /* OpenAL */ = {
			isa = PBXGroup;
			children = (
				7F1D667119090DAC00BA43C9 /* ALBuffer.h */,
				7F1D667219090DAC00BA43C9 /* ALBuffer.m */,
				7F1D667319090DAC00BA43C9 /* ALCaptureDevice.h */,
				7F1D667419090DAC00BA43C9 /* ALCaptureDevice.m */,
				7F1D667519090DAC00BA43C9 /* ALChannelSource.h */,
				7F1D667619090DAC00BA43C9 /* ALChannelSource.m */,
				7F1D667719090DAC00BA43C9 /* ALContext.h */,
				7F1D667819090DAC00BA43C9 /* ALContext.m */,
				7F1D667919090DAC00BA43C9 /* ALDevice.h */,
				7F1D667A19090DAC00BA43C9 /* ALDevice.m */,
				7F1D667B19090DAC00BA43C9 /* ALListener.h */,
				7F1D667C19090DAC00BA43C9 /* ALListener.m */,
				7F1D667D19090DAC00BA43C9 /* ALSoundSource.h */,
				7F1D667E19090DAC00BA43C9 /* ALSoundSourcePool.h */,
				7F1D667F19090DAC00BA43C9 /* ALSoundSourcePool.m */,
				7F1D668019090DAC00BA43C9 /* ALSource.h */,
				7F1D668119090DAC00BA43C9 /* ALSource.m */,
				7F1D668219090DAC00BA43C9 /* ALTypes.h */,
				7F1D668319090DAC00BA43C9 /* ALWrapper.h */,
				7F1D668419090DAC00BA43C9 /* ALWrapper.m */,
				7F1D668519090DAC00BA43C9 /* OpenALManager.h */,
				7F1D668619090DAC00BA43C9 /* OpenALManager.m */,
			);
			path = OpenAL;
			sourceTree = "<group>";
		};
		7F1D668719090DAC00BA43C9 /* Session */ = {
			isa = PBXGroup;
			children = (
				7F1D668819090DAC00BA43C9 /* OALAudioSession.h */,
				7F1D668919090DAC00BA43C9 /* OALAudioSession.m */,
				7F1D668A19090DAC00BA43C9 /* OALSuspendHandler.h */,
				7F1D668B19090DAC00BA43C9 /* OALSuspendHandler.m */,
			);
			path = Session;
			sourceTree = "<group>";
		};
		7F1D668C19090DAC00BA43C9 /* Support */ = {
			isa = PBXGroup;
			children = (
				7F1D668D19090DAC00BA43C9 /* ARCSafe_MemMgmt.h */,
				7F1D668E19090DAC00BA43C9 /* IOSVersion.h */,
				7F1D668F19090DAC00BA43C9 /* IOSVersion.m */,
				7F1D669019090DAC00BA43C9 /* mach_timing.c */,
				7F1D669119090DAC00BA43C9 /* mach_timing.h */,
				7F1D669219090DAC00BA43C9 /* NSMutableArray+WeakReferences.h */,
				7F1D669319090DAC00BA43C9 /* NSMutableArray+WeakReferences.m */,
				7F1D669419090DAC00BA43C9 /* NSMutableDictionary+WeakReferences.h */,
				7F1D669519090DAC00BA43C9 /* NSMutableDictionary+WeakReferences.m */,
				7F1D669619090DAC00BA43C9 /* OALAudioFile.h */,
				7F1D669719090DAC00BA43C9 /* OALAudioFile.m */,
				7F1D669819090DAC00BA43C9 /* OALNotifications.h */,
				7F1D669919090DAC00BA43C9 /* OALTools.h */,
				7F1D669A19090DAC00BA43C9 /* OALTools.m */,
				7F1D669B19090DAC00BA43C9 /* ObjectALMacros.h */,
				7F1D669C19090DAC00BA43C9 /* SynthesizeSingleton.h */,
			);
			path = Support;
			sourceTree = "<group>";
		};
		7F1D669D19090DAC00BA43C9 /* ObjectAL (OSX) */ = {
			isa = PBXGroup;
			children = (
				7F1D669E19090DAC00BA43C9 /* InfoPlist.strings */,
				7F1D66A019090DAC00BA43C9 /* ObjectAL (OSX)-Info.plist */,
				7F1D66A119090DAC00BA43C9 /* ObjectAL (OSX)-Prefix.pch */,
			);
			path = "ObjectAL (OSX)";
			sourceTree = "<group>";
		};
		7F1D66A319090DAC00BA43C9 /* Products */ = {
			isa = PBXGroup;
			children = (
				7F1D66CD19090DAD00BA43C9 /* libObjectAL.a */,
				7F1D66CF19090DAD00BA43C9 /* ObjectAL.framework */,
			);
			name = Products;
			sourceTree = "<group>";
		};
		7F1D66D819091E4300BA43C9 /* Audio */ = {
			isa = PBXGroup;
			children = (
				7FAED70A190B069500ABF9DB /* Ambient BG.m4a */,
				7FAED70B190B069500ABF9DB /* Explosion.m4a */,
				7FAED70C190B069500ABF9DB /* GameOver.m4a */,
				7FAED70D190B069500ABF9DB /* Multiplier.m4a */,
				7FAED70E190B069500ABF9DB /* Music IG.m4a */,
				7FAED70F190B069500ABF9DB /* UI Sound.m4a */,
				7FAE3D1E1909B3C40095321D /* Ambient sound.aiff */,
				7FAE3D1F1909B3C40095321D /* Explosion.aiff */,
				7FAE3D201909B3C40095321D /* GameOver.aiff */,
				7FAE3D211909B3C40095321D /* Multiplier.aiff */,
				7FAE3D221909B3C40095321D /* UI Sound.aiff */,
				7F1D66D919091E5000BA43C9 /* ClickButton.m4a */,
			);
			name = Audio;
			sourceTree = "<group>";
		};
		7F2EF1A818F1BC7300ED4852 /* Controllers */ = {
			isa = PBXGroup;
			children = (
				7F41092518EEF1EC007F8750 /* SquareMenuViewController.h */,
				7F41092618EEF1EC007F8750 /* SquareMenuViewController.m */,
				7F41092718EEF1EC007F8750 /* SquareMenuViewController.xib */,
				7F41092A18EEF381007F8750 /* SquareGameViewController.h */,
				7F41092B18EEF381007F8750 /* SquareGameViewController.m */,
				7F2EF1B218F226C200ED4852 /* SquareGameViewController.xib */,
				7F2EF1A318F15A5D00ED4852 /* SquareGameOverViewController.h */,
				7F2EF1A418F15A5D00ED4852 /* SquareGameOverViewController.m */,
				7F2EF1A518F15A5D00ED4852 /* SquareGameOverViewController.xib */,
				7F2EF1D618F42E6900ED4852 /* SquareScoreManager.h */,
				7F2EF1D718F42E6900ED4852 /* SquareScoreManager.m */,
				7FB96A5E18F60D3200781FA3 /* SquareSocialController.h */,
				7FB96A5F18F60D3200781FA3 /* SquareSocialController.m */,
				7F1D66D51909123800BA43C9 /* SquareSoundManager.h */,
				7F1D66D61909123800BA43C9 /* SquareSoundManager.m */,
				7FC20D56190A5F5900B041CD /* SquareOptionsViewController.h */,
				7FC20D57190A5F5900B041CD /* SquareOptionsViewController.m */,
				7FC20D58190A5F5900B041CD /* SquareOptionsViewController.xib */,
			);
			name = Controllers;
			sourceTree = "<group>";
		};
		7F2EF1A918F1BCCF00ED4852 /* Squares */ = {
			isa = PBXGroup;
			children = (
				7F41092F18EEF847007F8750 /* SquareBase.h */,
				7F41093018EEF847007F8750 /* SquareBase.m */,
				7F2EF1B618F2DA5000ED4852 /* SquareIndestructible.h */,
				7F2EF1B718F2DA5000ED4852 /* SquareIndestructible.m */,
				7F2EF1B918F2E55600ED4852 /* SquareGameOver.h */,
				7F2EF1BA18F2E55600ED4852 /* SquareGameOver.m */,
				7F2EF1BC18F2EF7200ED4852 /* SquareResilient.h */,
				7F2EF1BD18F2EF7200ED4852 /* SquareResilient.m */,
				7F2EF1BF18F2F99600ED4852 /* SquareExponential.h */,
				7F2EF1C018F2F99600ED4852 /* SquareExponential.m */,
				7F2B13C519096DFD00745282 /* SquareDemo.h */,
				7F2B13C619096DFD00745282 /* SquareDemo.m */,
			);
			name = Squares;
			sourceTree = "<group>";
		};
		7F2EF1AA18F1BCE400ED4852 /* Containers */ = {
			isa = PBXGroup;
			children = (
				7F2EF19E18F0A95A00ED4852 /* SquareGrid.h */,
				7F2EF19F18F0A95A00ED4852 /* SquareGrid.m */,
				7F2EF1D018F4009F00ED4852 /* SquareLevels.h */,
				7F2EF1D118F4009F00ED4852 /* SquareLevels.m */,
			);
			name = Containers;
			sourceTree = "<group>";
		};
		7F2EF1AB18F2027B00ED4852 /* Additions */ = {
			isa = PBXGroup;
			children = (
				7F2EF1D318F42DCC00ED4852 /* NSDictionaryAdditions.h */,
				7F2EF1D418F42DCC00ED4852 /* NSDictionaryAdditions.m */,
				7F2EF1AC18F202B200ED4852 /* UIImage+UIImageAdditions.h */,
				7F2EF1AD18F202B200ED4852 /* UIImage+UIImageAdditions.m */,
			);
			name = Additions;
			sourceTree = "<group>";
		};
		7F2EF1CA18F3691300ED4852 /* Views */ = {
			isa = PBXGroup;
			children = (
				7F2EF1CB18F3693F00ED4852 /* SquareGameView.h */,
				7F2EF1CC18F3693F00ED4852 /* SquareGameView.m */,
				7F3599001908638300AA4C30 /* SquareCounter.h */,
				7F3599011908638300AA4C30 /* SquareCounter.m */,
				7F1D66DF19092AF500BA43C9 /* SquareExplosion.h */,
				7F1D66E019092AF500BA43C9 /* SquareExplosion.m */,
				7F1D66E619095FDA00BA43C9 /* SquareMultiplier.h */,
				7F1D66E719095FDB00BA43C9 /* SquareMultiplier.m */,
				7FC20D491909C39900B041CD /* SquareIndicatorLevel.h */,
				7FC20D4A1909C39900B041CD /* SquareIndicatorLevel.m */,
				7FAED719190C649600ABF9DB /* SquareParticlesEmitter.h */,
				7FAED71A190C649700ABF9DB /* SquareParticlesEmitter.m */,
				7FAC484F190D7E3700CC4227 /* SquareCrossedLines.h */,
				7FAC4850190D7E3700CC4227 /* SquareCrossedLines.m */,
			);
			name = Views;
			sourceTree = "<group>";
		};
		7F4108DF18EEDC42007F8750 = {
			isa = PBXGroup;
			children = (
				7F1D664F19090DAC00BA43C9 /* ObjectAL */,
				7FB96A5718F608F300781FA3 /* Resources */,
				7F4108F118EEDC42007F8750 /* Squares */,
				7F41091018EEDC42007F8750 /* SquaresTests */,
				7F4108EA18EEDC42007F8750 /* Frameworks */,
				7F4108E918EEDC42007F8750 /* Products */,
			);
			sourceTree = "<group>";
		};
		7F4108E918EEDC42007F8750 /* Products */ = {
			isa = PBXGroup;
			children = (
				7F4108E818EEDC42007F8750 /* Squares.app */,
				7F41090918EEDC42007F8750 /* SquaresTests.xctest */,
			);
			name = Products;
			sourceTree = "<group>";
		};
		7F4108EA18EEDC42007F8750 /* Frameworks */ = {
			isa = PBXGroup;
			children = (
				7F1D66D119090DD000BA43C9 /* AudioToolbox.framework */,
				7F1D66D219090DD000BA43C9 /* AVFoundation.framework */,
				7FB96A5C18F60B2100781FA3 /* Accounts.framework */,
				7FB96A5A18F6094500781FA3 /* Social.framework */,
				7F2EF19A18F04C2E00ED4852 /* QuartzCore.framework */,
				7F4108EB18EEDC42007F8750 /* Foundation.framework */,
				7F4108ED18EEDC42007F8750 /* CoreGraphics.framework */,
				7F4108EF18EEDC42007F8750 /* UIKit.framework */,
				7F41090A18EEDC42007F8750 /* XCTest.framework */,
			);
			name = Frameworks;
			sourceTree = "<group>";
		};
		7F4108F118EEDC42007F8750 /* Squares */ = {
			isa = PBXGroup;
			children = (
				7F2EF1CA18F3691300ED4852 /* Views */,
				7F2EF1AB18F2027B00ED4852 /* Additions */,
				7F2EF1AA18F1BCE400ED4852 /* Containers */,
				7F2EF1A918F1BCCF00ED4852 /* Squares */,
				7F2EF1A818F1BC7300ED4852 /* Controllers */,
				7F4108FA18EEDC42007F8750 /* SquareAppDelegate.h */,
				7F4108FB18EEDC42007F8750 /* SquareAppDelegate.m */,
				7F41090318EEDC42007F8750 /* Images.xcassets */,
				7F4108F218EEDC42007F8750 /* Supporting Files */,
				7F2EF19D18F0905200ED4852 /* defines.h */,
				7F2EF1CE18F3FC9700ED4852 /* Levels.plist */,
			);
			path = Squares;
			sourceTree = "<group>";
		};
		7F4108F218EEDC42007F8750 /* Supporting Files */ = {
			isa = PBXGroup;
			children = (
				7F4108F318EEDC42007F8750 /* Squares-Info.plist */,
				7F4108F418EEDC42007F8750 /* InfoPlist.strings */,
				7F4108F718EEDC42007F8750 /* main.m */,
				7F4108F918EEDC42007F8750 /* Squares-Prefix.pch */,
			);
			name = "Supporting Files";
			sourceTree = "<group>";
		};
		7F41091018EEDC42007F8750 /* SquaresTests */ = {
			isa = PBXGroup;
			children = (
				7F41091618EEDC42007F8750 /* SquaresTests.m */,
				7F41091118EEDC42007F8750 /* Supporting Files */,
			);
			path = SquaresTests;
			sourceTree = "<group>";
		};
		7F41091118EEDC42007F8750 /* Supporting Files */ = {
			isa = PBXGroup;
			children = (
				7F41091218EEDC42007F8750 /* SquaresTests-Info.plist */,
				7F41091318EEDC42007F8750 /* InfoPlist.strings */,
			);
			name = "Supporting Files";
			sourceTree = "<group>";
		};
		7FB96A5718F608F300781FA3 /* Resources */ = {
			isa = PBXGroup;
			children = (
				7F1D66D819091E4300BA43C9 /* Audio */,
				7FB96A5918F6090000781FA3 /* Fonts */,
				7FB96A5818F608FA00781FA3 /* Images */,
			);
			name = Resources;
			sourceTree = "<group>";
		};
		7FB96A5818F608FA00781FA3 /* Images */ = {
			isa = PBXGroup;
			children = (
				7F1D66E4190952CB00BA43C9 /* ParticleSmoke.png */,
				7F1D66E21909423F00BA43C9 /* particle_base-48x48.jpg */,
				7FBDD48D19081A3C0098594F /* Button large.png */,
				7F35990519086E2E00AA4C30 /* Square Exponential.png */,
				7FBDD48E19081A3C0098594F /* Button large@2x.png */,
				7FBDD48F19081A3C0098594F /* Button small.png */,
				7FBDD49019081A3C0098594F /* Button small@2x.png */,
				7FBDD49119081A3C0098594F /* LOGO Menu.png */,
				7FBDD49219081A3C0098594F /* LOGO Menu@2x.png */,
				7FBDD49519081A3C0098594F /* Splash iphone5.png */,
				7FBDD49619081A3C0098594F /* Splash iphone5@2x.png */,
				7FBDD49719081A3C0098594F /* Splash.png */,
				7FBDD49819081A3C0098594F /* Splash@2x.png */,
				7FBDD49919081A3C0098594F /* Square Death.png */,
				7FBDD49B19081A3C0098594F /* Square Indestructible.png */,
				7FBDD49C19081A3C0098594F /* Square Resilient1.png */,
				7FBDD49D19081A3C0098594F /* Square Resilient2.png */,
				7FBDD49E19081A3C0098594F /* Square Resilient3.png */,
				7FBDD49F19081A3C0098594F /* Square Base.png */,
				7FBDD4A019081A3C0098594F /* squares_logo_1024.png */,
				7FBDD4A119081A3C0098594F /* squares_logo.png */,
				7FBDD4A219081A3C0098594F /* squares_logo@2x.png */,
				7FAFCC3C18F4C82700E5EEFD /* Background.png */,
				7FAFCC3D18F4C82700E5EEFD /* Background@2x.png */,
			);
			name = Images;
			sourceTree = "<group>";
		};
		7FB96A5918F6090000781FA3 /* Fonts */ = {
			isa = PBXGroup;
			children = (
				7FAFCC4218F4C82700E5EEFD /* Square.ttf */,
				7FAFCC4B18F4C82700E5EEFD /* Squareo.ttf */,
			);
			name = Fonts;
			sourceTree = "<group>";
		};
/* End PBXGroup section */

/* Begin PBXNativeTarget section */
		7F4108E718EEDC42007F8750 /* Squares */ = {
			isa = PBXNativeTarget;
			buildConfigurationList = 7F41091A18EEDC42007F8750 /* Build configuration list for PBXNativeTarget "Squares" */;
			buildPhases = (
				7F4108E418EEDC42007F8750 /* Sources */,
				7F4108E518EEDC42007F8750 /* Frameworks */,
				7F4108E618EEDC42007F8750 /* Resources */,
			);
			buildRules = (
			);
			dependencies = (
				7F1D66DC19091F6D00BA43C9 /* PBXTargetDependency */,
			);
			name = Squares;
			productName = Squares;
			productReference = 7F4108E818EEDC42007F8750 /* Squares.app */;
			productType = "com.apple.product-type.application";
		};
		7F41090818EEDC42007F8750 /* SquaresTests */ = {
			isa = PBXNativeTarget;
			buildConfigurationList = 7F41091D18EEDC42007F8750 /* Build configuration list for PBXNativeTarget "SquaresTests" */;
			buildPhases = (
				7F41090518EEDC42007F8750 /* Sources */,
				7F41090618EEDC42007F8750 /* Frameworks */,
				7F41090718EEDC42007F8750 /* Resources */,
			);
			buildRules = (
			);
			dependencies = (
				7F41090F18EEDC42007F8750 /* PBXTargetDependency */,
			);
			name = SquaresTests;
			productName = SquaresTests;
			productReference = 7F41090918EEDC42007F8750 /* SquaresTests.xctest */;
			productType = "com.apple.product-type.bundle.unit-test";
		};
/* End PBXNativeTarget section */

/* Begin PBXProject section */
		7F4108E018EEDC42007F8750 /* Project object */ = {
			isa = PBXProject;
			attributes = {
				CLASSPREFIX = Square;
				LastUpgradeCheck = 0510;
				TargetAttributes = {
					7F4108E718EEDC42007F8750 = {
						DevelopmentTeam = 32KR299628;
					};
					7F41090818EEDC42007F8750 = {
						TestTargetID = 7F4108E718EEDC42007F8750;
					};
				};
			};
			buildConfigurationList = 7F4108E318EEDC42007F8750 /* Build configuration list for PBXProject "Squares" */;
			compatibilityVersion = "Xcode 3.2";
			developmentRegion = English;
			hasScannedForEncodings = 0;
			knownRegions = (
				en,
				Base,
			);
			mainGroup = 7F4108DF18EEDC42007F8750;
			productRefGroup = 7F4108E918EEDC42007F8750 /* Products */;
			projectDirPath = "";
			projectReferences = (
				{
					ProductGroup = 7F1D66A319090DAC00BA43C9 /* Products */;
					ProjectRef = 7F1D66A219090DAC00BA43C9 /* ObjectAL.xcodeproj */;
				},
			);
			projectRoot = "";
			targets = (
				7F4108E718EEDC42007F8750 /* Squares */,
				7F41090818EEDC42007F8750 /* SquaresTests */,
			);
		};
/* End PBXProject section */

/* Begin PBXReferenceProxy section */
		7F1D66CD19090DAD00BA43C9 /* libObjectAL.a */ = {
			isa = PBXReferenceProxy;
			fileType = archive.ar;
			path = libObjectAL.a;
			remoteRef = 7F1D66CC19090DAD00BA43C9 /* PBXContainerItemProxy */;
			sourceTree = BUILT_PRODUCTS_DIR;
		};
		7F1D66CF19090DAD00BA43C9 /* ObjectAL.framework */ = {
			isa = PBXReferenceProxy;
			fileType = wrapper.framework;
			path = ObjectAL.framework;
			remoteRef = 7F1D66CE19090DAD00BA43C9 /* PBXContainerItemProxy */;
			sourceTree = BUILT_PRODUCTS_DIR;
		};
/* End PBXReferenceProxy section */

/* Begin PBXResourcesBuildPhase section */
		7F4108E618EEDC42007F8750 /* Resources */ = {
			isa = PBXResourcesBuildPhase;
			buildActionMask = 2147483647;
			files = (
				7F35990719088C5000AA4C30 /* Square Death.png in Resources */,
				7F35990819088C5000AA4C30 /* Square Indestructible.png in Resources */,
				7F35990919088C5000AA4C30 /* Square Resilient1.png in Resources */,
				7F1D66A819090DAD00BA43C9 /* ObjectAL-Overview1.svg in Resources */,
				7F35990A19088C5000AA4C30 /* Square Resilient2.png in Resources */,
				7FAED714190B069500ABF9DB /* Music IG.m4a in Resources */,
				7F1D66E31909423F00BA43C9 /* particle_base-48x48.jpg in Resources */,
				7F1D66AC19090DAD00BA43C9 /* LICENSE.ObjectAL.txt in Resources */,
				7F35990B19088C5000AA4C30 /* Square Resilient3.png in Resources */,
				7F1D66A619090DAD00BA43C9 /* ObjectAL-Overview1.eps in Resources */,
				7F35990C19088C5000AA4C30 /* Square Base.png in Resources */,
				7F3598F71908281C00AA4C30 /* Square.ttf in Resources */,
				7F3598F81908281C00AA4C30 /* Squareo.ttf in Resources */,
				7FBDD4A319081A3C0098594F /* Button large.png in Resources */,
				7FBDD4A719081A3C0098594F /* LOGO Menu.png in Resources */,
				7FBDD4A819081A3C0098594F /* LOGO Menu@2x.png in Resources */,
				7FBDD4B819081A3C0098594F /* squares_logo@2x.png in Resources */,
				7F1D66A919090DAD00BA43C9 /* ObjectAL-Overview2.eps in Resources */,
				7F1D66C719090DAD00BA43C9 /* InfoPlist.strings in Resources */,
				7FBDD4B619081A3C0098594F /* squares_logo_1024.png in Resources */,
				7F2EF1CF18F3FC9700ED4852 /* Levels.plist in Resources */,
				7FBDD4AC19081A3C0098594F /* Splash iphone5@2x.png in Resources */,
				7FAED713190B069500ABF9DB /* Multiplier.m4a in Resources */,
				7F41092918EEF1EC007F8750 /* SquareMenuViewController.xib in Resources */,
				7F2EF1B318F226C200ED4852 /* SquareGameViewController.xib in Resources */,
				7FAFCC5218F4C82700E5EEFD /* Background.png in Resources */,
				7FC20D5A190A5F5900B041CD /* SquareOptionsViewController.xib in Resources */,
				7F41090418EEDC42007F8750 /* Images.xcassets in Resources */,
				7FAED711190B069500ABF9DB /* Explosion.m4a in Resources */,
				7FBDD4AD19081A3C0098594F /* Splash.png in Resources */,
				7F35990619086E2E00AA4C30 /* Square Exponential.png in Resources */,
				7FAED710190B069500ABF9DB /* Ambient BG.m4a in Resources */,
				7FBDD4AE19081A3C0098594F /* Splash@2x.png in Resources */,
				7F1D66C819090DAD00BA43C9 /* ObjectAL (OSX)-Info.plist in Resources */,
				7FBDD4A419081A3C0098594F /* Button large@2x.png in Resources */,
				7F1D66DA19091E5000BA43C9 /* ClickButton.m4a in Resources */,
				7FBDD4B719081A3C0098594F /* squares_logo.png in Resources */,
				7F1D66AA19090DAD00BA43C9 /* ObjectAL-Overview2.png in Resources */,
				7F1D66A519090DAD00BA43C9 /* build_docs.sh in Resources */,
				7FBDD4A519081A3C0098594F /* Button small.png in Resources */,
				7F4108F618EEDC42007F8750 /* InfoPlist.strings in Resources */,
				7FAED715190B069500ABF9DB /* UI Sound.m4a in Resources */,
				7F1D66A719090DAD00BA43C9 /* ObjectAL-Overview1.png in Resources */,
				7FAFCC5318F4C82700E5EEFD /* Background@2x.png in Resources */,
				7F1D66E5190952CB00BA43C9 /* ParticleSmoke.png in Resources */,
				7F1D66AB19090DAD00BA43C9 /* ObjectAL-Overview2.svg in Resources */,
				7F2EF1A718F15A5D00ED4852 /* SquareGameOverViewController.xib in Resources */,
				7FBDD4A619081A3C0098594F /* Button small@2x.png in Resources */,
				7FAED712190B069500ABF9DB /* GameOver.m4a in Resources */,
				7FBDD4AB19081A3C0098594F /* Splash iphone5.png in Resources */,
			);
			runOnlyForDeploymentPostprocessing = 0;
		};
		7F41090718EEDC42007F8750 /* Resources */ = {
			isa = PBXResourcesBuildPhase;
			buildActionMask = 2147483647;
			files = (
				7F41091518EEDC42007F8750 /* InfoPlist.strings in Resources */,
			);
			runOnlyForDeploymentPostprocessing = 0;
		};
/* End PBXResourcesBuildPhase section */

/* Begin PBXSourcesBuildPhase section */
		7F4108E418EEDC42007F8750 /* Sources */ = {
			isa = PBXSourcesBuildPhase;
			buildActionMask = 2147483647;
			files = (
				7FAED71B190C649700ABF9DB /* SquareParticlesEmitter.m in Sources */,
				7F4108F818EEDC42007F8750 /* main.m in Sources */,
				7FAC4851190D7E3700CC4227 /* SquareCrossedLines.m in Sources */,
				7F2EF1AE18F202B200ED4852 /* UIImage+UIImageAdditions.m in Sources */,
				7F1D66B819090DAD00BA43C9 /* ALContext.m in Sources */,
				7F2EF1BB18F2E55600ED4852 /* SquareGameOver.m in Sources */,
				7F1D66D71909123800BA43C9 /* SquareSoundManager.m in Sources */,
				7F1D66B019090DAD00BA43C9 /* OALUtilityActions.m in Sources */,
				7F3599021908638300AA4C30 /* SquareCounter.m in Sources */,
				7F1D66C019090DAD00BA43C9 /* OALSuspendHandler.m in Sources */,
				7F2EF1D218F4009F00ED4852 /* SquareLevels.m in Sources */,
				7F41092818EEF1EC007F8750 /* SquareMenuViewController.m in Sources */,
				7F1D66B319090DAD00BA43C9 /* OALAudioTracks.m in Sources */,
				7F2EF1CD18F3693F00ED4852 /* SquareGameView.m in Sources */,
				7FC20D59190A5F5900B041CD /* SquareOptionsViewController.m in Sources */,
				7F1D66C519090DAD00BA43C9 /* OALAudioFile.m in Sources */,
				7FC20D4B1909C39900B041CD /* SquareIndicatorLevel.m in Sources */,
				7F2B13C719096DFD00745282 /* SquareDemo.m in Sources */,
				7F2EF1B818F2DA5000ED4852 /* SquareIndestructible.m in Sources */,
				7F2EF1D818F42E6900ED4852 /* SquareScoreManager.m in Sources */,
				7F2EF1A018F0A95A00ED4852 /* SquareGrid.m in Sources */,
				7F1D66B919090DAD00BA43C9 /* ALDevice.m in Sources */,
				7F1D66B119090DAD00BA43C9 /* OALAudioTrack.m in Sources */,
				7F4108FC18EEDC42007F8750 /* SquareAppDelegate.m in Sources */,
				7F1D66BE19090DAD00BA43C9 /* OpenALManager.m in Sources */,
				7F41092D18EEF381007F8750 /* SquareGameViewController.m in Sources */,
				7F1D66AD19090DAD00BA43C9 /* OALAction.m in Sources */,
				7F2EF1BE18F2EF7200ED4852 /* SquareResilient.m in Sources */,
				7F1D66C619090DAD00BA43C9 /* OALTools.m in Sources */,
				7F1D66AE19090DAD00BA43C9 /* OALActionManager.m in Sources */,
				7F1D66C319090DAD00BA43C9 /* NSMutableArray+WeakReferences.m in Sources */,
				7F1D66C219090DAD00BA43C9 /* mach_timing.c in Sources */,
				7F1D66C119090DAD00BA43C9 /* IOSVersion.m in Sources */,
				7F2EF1A618F15A5D00ED4852 /* SquareGameOverViewController.m in Sources */,
				7F2EF1C118F2F99600ED4852 /* SquareExponential.m in Sources */,
				7F1D66BD19090DAD00BA43C9 /* ALWrapper.m in Sources */,
				7F2EF1D518F42DCD00ED4852 /* NSDictionaryAdditions.m in Sources */,
				7F1D66B619090DAD00BA43C9 /* ALCaptureDevice.m in Sources */,
				7F1D66BF19090DAD00BA43C9 /* OALAudioSession.m in Sources */,
				7F1D66B519090DAD00BA43C9 /* ALBuffer.m in Sources */,
				7F1D66BC19090DAD00BA43C9 /* ALSource.m in Sources */,
				7F1D66BB19090DAD00BA43C9 /* ALSoundSourcePool.m in Sources */,
				7F1D66E819095FDB00BA43C9 /* SquareMultiplier.m in Sources */,
				7F1D66B219090DAD00BA43C9 /* OALAudioTrackNotifications.m in Sources */,
				7F1D66BA19090DAD00BA43C9 /* ALListener.m in Sources */,
				7F1D66B719090DAD00BA43C9 /* ALChannelSource.m in Sources */,
				7F1D66C419090DAD00BA43C9 /* NSMutableDictionary+WeakReferences.m in Sources */,
				7FB96A6018F60D3200781FA3 /* SquareSocialController.m in Sources */,
				7F1D66B419090DAD00BA43C9 /* OALSimpleAudio.m in Sources */,
				7F1D66AF19090DAD00BA43C9 /* OALAudioActions.m in Sources */,
				7F1D66E119092AF500BA43C9 /* SquareExplosion.m in Sources */,
				7F41093118EEF847007F8750 /* SquareBase.m in Sources */,
			);
			runOnlyForDeploymentPostprocessing = 0;
		};
		7F41090518EEDC42007F8750 /* Sources */ = {
			isa = PBXSourcesBuildPhase;
			buildActionMask = 2147483647;
			files = (
				7F41091718EEDC42007F8750 /* SquaresTests.m in Sources */,
			);
			runOnlyForDeploymentPostprocessing = 0;
		};
/* End PBXSourcesBuildPhase section */

/* Begin PBXTargetDependency section */
		7F1D66DC19091F6D00BA43C9 /* PBXTargetDependency */ = {
			isa = PBXTargetDependency;
			name = "ObjectAL (iOS)";
			targetProxy = 7F1D66DB19091F6D00BA43C9 /* PBXContainerItemProxy */;
		};
		7F41090F18EEDC42007F8750 /* PBXTargetDependency */ = {
			isa = PBXTargetDependency;
			target = 7F4108E718EEDC42007F8750 /* Squares */;
			targetProxy = 7F41090E18EEDC42007F8750 /* PBXContainerItemProxy */;
		};
/* End PBXTargetDependency section */

/* Begin PBXVariantGroup section */
		7F1D669E19090DAC00BA43C9 /* InfoPlist.strings */ = {
			isa = PBXVariantGroup;
			children = (
				7F1D669F19090DAC00BA43C9 /* en */,
			);
			name = InfoPlist.strings;
			sourceTree = "<group>";
		};
		7F4108F418EEDC42007F8750 /* InfoPlist.strings */ = {
			isa = PBXVariantGroup;
			children = (
				7F4108F518EEDC42007F8750 /* en */,
			);
			name = InfoPlist.strings;
			sourceTree = "<group>";
		};
		7F41091318EEDC42007F8750 /* InfoPlist.strings */ = {
			isa = PBXVariantGroup;
			children = (
				7F41091418EEDC42007F8750 /* en */,
			);
			name = InfoPlist.strings;
			sourceTree = "<group>";
		};
/* End PBXVariantGroup section */

/* Begin XCBuildConfiguration section */
		7F41091818EEDC42007F8750 /* Debug */ = {
			isa = XCBuildConfiguration;
			buildSettings = {
				ALWAYS_SEARCH_USER_PATHS = NO;
				CLANG_CXX_LANGUAGE_STANDARD = "gnu++0x";
				CLANG_CXX_LIBRARY = "libc++";
				CLANG_ENABLE_MODULES = YES;
				CLANG_ENABLE_OBJC_ARC = YES;
				CLANG_WARN_BOOL_CONVERSION = YES;
				CLANG_WARN_CONSTANT_CONVERSION = YES;
				CLANG_WARN_DIRECT_OBJC_ISA_USAGE = YES_ERROR;
				CLANG_WARN_EMPTY_BODY = YES;
				CLANG_WARN_ENUM_CONVERSION = YES;
				CLANG_WARN_INT_CONVERSION = YES;
				CLANG_WARN_OBJC_ROOT_CLASS = YES_ERROR;
				CLANG_WARN__DUPLICATE_METHOD_MATCH = YES;
				CODE_SIGN_IDENTITY = "iPhone Developer";
				"CODE_SIGN_IDENTITY[sdk=iphoneos*]" = "iPhone Developer";
				COPY_PHASE_STRIP = NO;
				GCC_C_LANGUAGE_STANDARD = gnu99;
				GCC_DYNAMIC_NO_PIC = NO;
				GCC_OPTIMIZATION_LEVEL = 0;
				GCC_PREPROCESSOR_DEFINITIONS = (
					"DEBUG=1",
					"$(inherited)",
				);
				GCC_SYMBOLS_PRIVATE_EXTERN = NO;
				GCC_WARN_64_TO_32_BIT_CONVERSION = YES;
				GCC_WARN_ABOUT_RETURN_TYPE = YES_ERROR;
				GCC_WARN_UNDECLARED_SELECTOR = YES;
				GCC_WARN_UNINITIALIZED_AUTOS = YES_AGGRESSIVE;
				GCC_WARN_UNUSED_FUNCTION = YES;
				GCC_WARN_UNUSED_VARIABLE = YES;
				IPHONEOS_DEPLOYMENT_TARGET = 6.0;
				ONLY_ACTIVE_ARCH = YES;
				SDKROOT = iphoneos;
			};
			name = Debug;
		};
		7F41091918EEDC42007F8750 /* Release */ = {
			isa = XCBuildConfiguration;
			buildSettings = {
				ALWAYS_SEARCH_USER_PATHS = NO;
				CLANG_CXX_LANGUAGE_STANDARD = "gnu++0x";
				CLANG_CXX_LIBRARY = "libc++";
				CLANG_ENABLE_MODULES = YES;
				CLANG_ENABLE_OBJC_ARC = YES;
				CLANG_WARN_BOOL_CONVERSION = YES;
				CLANG_WARN_CONSTANT_CONVERSION = YES;
				CLANG_WARN_DIRECT_OBJC_ISA_USAGE = YES_ERROR;
				CLANG_WARN_EMPTY_BODY = YES;
				CLANG_WARN_ENUM_CONVERSION = YES;
				CLANG_WARN_INT_CONVERSION = YES;
				CLANG_WARN_OBJC_ROOT_CLASS = YES_ERROR;
				CLANG_WARN__DUPLICATE_METHOD_MATCH = YES;
				CODE_SIGN_IDENTITY = "iPhone Developer";
				"CODE_SIGN_IDENTITY[sdk=iphoneos*]" = "iPhone Developer";
				COPY_PHASE_STRIP = YES;
				ENABLE_NS_ASSERTIONS = NO;
				GCC_C_LANGUAGE_STANDARD = gnu99;
				GCC_WARN_64_TO_32_BIT_CONVERSION = YES;
				GCC_WARN_ABOUT_RETURN_TYPE = YES_ERROR;
				GCC_WARN_UNDECLARED_SELECTOR = YES;
				GCC_WARN_UNINITIALIZED_AUTOS = YES_AGGRESSIVE;
				GCC_WARN_UNUSED_FUNCTION = YES;
				GCC_WARN_UNUSED_VARIABLE = YES;
				IPHONEOS_DEPLOYMENT_TARGET = 6.0;
				SDKROOT = iphoneos;
				VALIDATE_PRODUCT = YES;
			};
			name = Release;
		};
		7F41091B18EEDC42007F8750 /* Debug */ = {
			isa = XCBuildConfiguration;
			buildSettings = {
				ASSETCATALOG_COMPILER_APPICON_NAME = AppIcon;
				ASSETCATALOG_COMPILER_LAUNCHIMAGE_NAME = LaunchImage;
				CODE_SIGN_IDENTITY = "iPhone Developer";
				"CODE_SIGN_IDENTITY[sdk=iphoneos*]" = "iPhone Developer: Romain Tholimet (KEQDP78NPM)";
				GCC_PRECOMPILE_PREFIX_HEADER = YES;
				GCC_PREFIX_HEADER = "Squares/Squares-Prefix.pch";
				INFOPLIST_FILE = "Squares/Squares-Info.plist";
				IPHONEOS_DEPLOYMENT_TARGET = 6.0;
				PRODUCT_NAME = "$(TARGET_NAME)";
				WRAPPER_EXTENSION = app;
			};
			name = Debug;
		};
		7F41091C18EEDC42007F8750 /* Release */ = {
			isa = XCBuildConfiguration;
			buildSettings = {
				ASSETCATALOG_COMPILER_APPICON_NAME = AppIcon;
				ASSETCATALOG_COMPILER_LAUNCHIMAGE_NAME = LaunchImage;
				CODE_SIGN_IDENTITY = "iPhone Developer";
				"CODE_SIGN_IDENTITY[sdk=iphoneos*]" = "iPhone Distribution: Romain Tholimet (32KR299628)";
				GCC_PRECOMPILE_PREFIX_HEADER = YES;
				GCC_PREFIX_HEADER = "Squares/Squares-Prefix.pch";
				INFOPLIST_FILE = "Squares/Squares-Info.plist";
				IPHONEOS_DEPLOYMENT_TARGET = 6.0;
				PRODUCT_NAME = "$(TARGET_NAME)";
				WRAPPER_EXTENSION = app;
			};
			name = Release;
		};
		7F41091E18EEDC42007F8750 /* Debug */ = {
			isa = XCBuildConfiguration;
			buildSettings = {
				BUNDLE_LOADER = "$(BUILT_PRODUCTS_DIR)/Squares.app/Squares";
				FRAMEWORK_SEARCH_PATHS = (
					"$(SDKROOT)/Developer/Library/Frameworks",
					"$(inherited)",
					"$(DEVELOPER_FRAMEWORKS_DIR)",
				);
				GCC_PRECOMPILE_PREFIX_HEADER = YES;
				GCC_PREFIX_HEADER = "Squares/Squares-Prefix.pch";
				GCC_PREPROCESSOR_DEFINITIONS = (
					"DEBUG=1",
					"$(inherited)",
				);
				INFOPLIST_FILE = "SquaresTests/SquaresTests-Info.plist";
				PRODUCT_NAME = "$(TARGET_NAME)";
				TEST_HOST = "$(BUNDLE_LOADER)";
				WRAPPER_EXTENSION = xctest;
			};
			name = Debug;
		};
		7F41091F18EEDC42007F8750 /* Release */ = {
			isa = XCBuildConfiguration;
			buildSettings = {
				BUNDLE_LOADER = "$(BUILT_PRODUCTS_DIR)/Squares.app/Squares";
				FRAMEWORK_SEARCH_PATHS = (
					"$(SDKROOT)/Developer/Library/Frameworks",
					"$(inherited)",
					"$(DEVELOPER_FRAMEWORKS_DIR)",
				);
				GCC_PRECOMPILE_PREFIX_HEADER = YES;
				GCC_PREFIX_HEADER = "Squares/Squares-Prefix.pch";
				INFOPLIST_FILE = "SquaresTests/SquaresTests-Info.plist";
				PRODUCT_NAME = "$(TARGET_NAME)";
				TEST_HOST = "$(BUNDLE_LOADER)";
				WRAPPER_EXTENSION = xctest;
			};
			name = Release;
		};
/* End XCBuildConfiguration section */

/* Begin XCConfigurationList section */
		7F4108E318EEDC42007F8750 /* Build configuration list for PBXProject "Squares" */ = {
			isa = XCConfigurationList;
			buildConfigurations = (
				7F41091818EEDC42007F8750 /* Debug */,
				7F41091918EEDC42007F8750 /* Release */,
			);
			defaultConfigurationIsVisible = 0;
			defaultConfigurationName = Release;
		};
		7F41091A18EEDC42007F8750 /* Build configuration list for PBXNativeTarget "Squares" */ = {
			isa = XCConfigurationList;
			buildConfigurations = (
				7F41091B18EEDC42007F8750 /* Debug */,
				7F41091C18EEDC42007F8750 /* Release */,
			);
			defaultConfigurationIsVisible = 0;
			defaultConfigurationName = Release;
		};
		7F41091D18EEDC42007F8750 /* Build configuration list for PBXNativeTarget "SquaresTests" */ = {
			isa = XCConfigurationList;
			buildConfigurations = (
				7F41091E18EEDC42007F8750 /* Debug */,
				7F41091F18EEDC42007F8750 /* Release */,
			);
			defaultConfigurationIsVisible = 0;
			defaultConfigurationName = Release;
		};
/* End XCConfigurationList section */
	};
	rootObject = 7F4108E018EEDC42007F8750 /* Project object */;
}
